<?xml version="1.0" encoding="utf-8"?>
<Project ToolsVersion="4.0" xmlns="http://schemas.microsoft.com/developer/msbuild/2003">
  <ItemGroup>
    <ClCompile Include="AsmLexer.cpp">
      <Filter>Source Files</Filter>
    </ClCompile>
    <ClCompile Include="AsmParser.cpp">
      <Filter>Source Files</Filter>
    </ClCompile>
    <ClCompile Include="MCAsmLexer.cpp">
      <Filter>Source Files</Filter>
    </ClCompile>
    <ClCompile Include="MCAsmParser.cpp">
      <Filter>Source Files</Filter>
    </ClCompile>
    <ClCompile Include="TargetAsmParser.cpp">
      <Filter>Source Files</Filter>
    </ClCompile>
  </ItemGroup>
  <ItemGroup>
  </ItemGroup>
  <ItemGroup>
  </ItemGroup>
  <ItemGroup>
    <CustomBuild Include="CMakeLists.txt" />
  </ItemGroup>
  <ItemGroup>
    <Filter Include="Source Files">
      <UniqueIdentifier>{3009CC90-5CD5-4DC1-B80F-39749CB18D7C}</UniqueIdentifier>
    </Filter>
  </ItemGroup>
  <ItemGroup>
    <None Include="AsmLexer.cpp">
      <Filter>Source Files</Filter>
    </None>
    <None Include="AsmParser.cpp">
      <Filter>Source Files</Filter>
    </None>
    <None Include="MCAsmLexer.cpp">
      <Filter>Source Files</Filter>
    </None>
    <None Include="MCAsmParser.cpp">
      <Filter>Source Files</Filter>
    </None>
    <None Include="TargetAsmParser.cpp">
      <Filter>Source Files</Filter>
    </None>
  </ItemGroup>
</Project>
