Microsoft Visual Studio Solution File, Format Version 11.00
# Visual Studio 2010
Project("{8BC9CEB8-8B4A-11D0-8D11-00A0C91BC942}") = "ALL_BUILD", ".\ALL_BUILD.vcxproj", "{7C1F813D-0FF3-4581-8240-A20D77844033}"
	ProjectSection(ProjectDependencies) = postProject
		{006CA676-D7C6-49A9-AF62-C53513C2FA8C} = {006CA676-D7C6-49A9-AF62-C53513C2FA8C}
		{BA615E22-2366-4C90-ACAB-C23BAFBEA4CE} = {BA615E22-2366-4C90-ACAB-C23BAFBEA4CE}
		{DFD176B5-00D0-4496-A1E5-AFC8CBE85DB1} = {DFD176B5-00D0-4496-A1E5-AFC8CBE85DB1}
		{F6666C90-1C4A-406B-BF93-C77FC6B8BB13} = {F6666C90-1C4A-406B-BF93-C77FC6B8BB13}
		{CC754AC9-B6E0-4255-9D54-186EB4ADA60C} = {CC754AC9-B6E0-4255-9D54-186EB4ADA60C}
		{F494DE4B-4279-4CF3-8BA9-879A0555E098} = {F494DE4B-4279-4CF3-8BA9-879A0555E098}
		{09879406-C85D-4301-A8A6-7D7DE82A5F0D} = {09879406-C85D-4301-A8A6-7D7DE82A5F0D}
		{798D8B6B-7EE0-4438-95AC-F24A83202AEF} = {798D8B6B-7EE0-4438-95AC-F24A83202AEF}
		{9A698C1E-AA1A-4850-910E-CCEF4063368D} = {9A698C1E-AA1A-4850-910E-CCEF4063368D}
		{C9F35660-EE34-4A03-8390-CBEF907D88BD} = {C9F35660-EE34-4A03-8390-CBEF907D88BD}
		{35741687-CA8E-450E-AB92-A73C57C5D726} = {35741687-CA8E-450E-AB92-A73C57C5D726}
		{AACD8221-75C8-45CF-B7CB-E7275046FB48} = {AACD8221-75C8-45CF-B7CB-E7275046FB48}
		{CEEEA4B6-64D3-4283-A1E5-3B0B6694DFDB} = {CEEEA4B6-64D3-4283-A1E5-3B0B6694DFDB}
		{5B052CE9-1F0E-46DD-88A6-1B9F082D2C1E} = {5B052CE9-1F0E-46DD-88A6-1B9F082D2C1E}
		{6AEDF4E8-5142-4455-90A7-6EE5AA755B41} = {6AEDF4E8-5142-4455-90A7-6EE5AA755B41}
		{B0A626EF-AAFF-4880-BB94-2826CCC129F5} = {B0A626EF-AAFF-4880-BB94-2826CCC129F5}
		{49870AB2-99D6-405C-AA13-C4663ECE1553} = {49870AB2-99D6-405C-AA13-C4663ECE1553}
		{9FC83D71-161E-44F9-AA2E-4B39FD1B05B6} = {9FC83D71-161E-44F9-AA2E-4B39FD1B05B6}
		{0F365699-B65F-4661-8389-3CA7420FFADA} = {0F365699-B65F-4661-8389-3CA7420FFADA}
		{86ADF059-3F14-4B22-A501-A1E8702CCFC3} = {86ADF059-3F14-4B22-A501-A1E8702CCFC3}
		{C55603BF-B1F1-4D86-B867-04A6222E8962} = {C55603BF-B1F1-4D86-B867-04A6222E8962}
		{FD13CECB-EA01-4CDE-8B27-F0F0D0A16126} = {FD13CECB-EA01-4CDE-8B27-F0F0D0A16126}
		{17B53A60-FAFA-49B6-AA66-FC96742C30AC} = {17B53A60-FAFA-49B6-AA66-FC96742C30AC}
		{EB90107F-0C64-47C7-9583-6A5CE688941C} = {EB90107F-0C64-47C7-9583-6A5CE688941C}
		{91B7579B-09B7-4860-99D7-6D406E705D11} = {91B7579B-09B7-4860-99D7-6D406E705D11}
		{CE2CFEE4-2B79-4F20-B171-10831FB8EB64} = {CE2CFEE4-2B79-4F20-B171-10831FB8EB64}
		{ECD04446-499D-4AA7-A882-F0D1E268A27B} = {ECD04446-499D-4AA7-A882-F0D1E268A27B}
		{EC2C5C68-8C2D-44F7-A4AE-B82C8E02B122} = {EC2C5C68-8C2D-44F7-A4AE-B82C8E02B122}
		{21EF68BA-ABD3-4A3B-8881-E6B9A56C51F6} = {21EF68BA-ABD3-4A3B-8881-E6B9A56C51F6}
		{202C1290-7351-412A-BC9D-60F81A0CEABB} = {202C1290-7351-412A-BC9D-60F81A0CEABB}
		{044D3AD0-EE30-488A-96B4-31EE2234F90C} = {044D3AD0-EE30-488A-96B4-31EE2234F90C}
		{3D5E7A3A-B96A-41A7-97FE-C34540E1C043} = {3D5E7A3A-B96A-41A7-97FE-C34540E1C043}
		{B7F25832-9C6E-402C-BF30-0CB2E2781BB7} = {B7F25832-9C6E-402C-BF30-0CB2E2781BB7}
		{82DE2708-03B3-4F29-A747-76A370A4A629} = {82DE2708-03B3-4F29-A747-76A370A4A629}
		{135B901B-4477-40B9-8DDD-E3FB474AFDA3} = {135B901B-4477-40B9-8DDD-E3FB474AFDA3}
		{ED372B6E-7B7A-4C67-BBEC-14403E2864F5} = {ED372B6E-7B7A-4C67-BBEC-14403E2864F5}
		{0A763D96-96AF-4487-99AC-5523F89BE705} = {0A763D96-96AF-4487-99AC-5523F89BE705}
		{313C8571-3AE4-439C-93BE-9E2C91C424EC} = {313C8571-3AE4-439C-93BE-9E2C91C424EC}
		{88CA124A-9DCE-46A8-BE19-364F8828723D} = {88CA124A-9DCE-46A8-BE19-364F8828723D}
		{0AF21AB5-131A-4835-9854-A914D5FFBB80} = {0AF21AB5-131A-4835-9854-A914D5FFBB80}
		{9865C2E5-2629-4AAE-80D8-160BFDB505F8} = {9865C2E5-2629-4AAE-80D8-160BFDB505F8}
		{0699E36C-E621-41DB-A64A-96E525E97456} = {0699E36C-E621-41DB-A64A-96E525E97456}
		{203B32BA-4FD4-48CD-85F7-0D93C1A8EAC3} = {203B32BA-4FD4-48CD-85F7-0D93C1A8EAC3}
		{BD9475F1-F4C8-40FC-AC20-644BADFB9DE8} = {BD9475F1-F4C8-40FC-AC20-644BADFB9DE8}
		{72EFCD4E-82FD-42D5-8E0C-21F9E7F403A5} = {72EFCD4E-82FD-42D5-8E0C-21F9E7F403A5}
		{27CC75A4-646E-4170-9CD6-24C2D4E33BB1} = {27CC75A4-646E-4170-9CD6-24C2D4E33BB1}
		{D00DB095-F9A5-49E8-9222-982798069B5A} = {D00DB095-F9A5-49E8-9222-982798069B5A}
		{CF19FBC9-4FAF-4C1F-8FB7-E4DB798299F7} = {CF19FBC9-4FAF-4C1F-8FB7-E4DB798299F7}
		{9920EA4E-E698-418D-A182-BDC75F1EE822} = {9920EA4E-E698-418D-A182-BDC75F1EE822}
		{43F2F745-9236-4445-9A1F-403F835C58BF} = {43F2F745-9236-4445-9A1F-403F835C58BF}
		{0EF772EC-7BB4-4449-BB60-377F8C477C66} = {0EF772EC-7BB4-4449-BB60-377F8C477C66}
	EndProjectSection
EndProject
Project("{8BC9CEB8-8B4A-11D0-8D11-00A0C91BC942}") = "BrainF", "examples\BrainF\BrainF.vcxproj", "{E4289A21-78F2-4F85-AEC1-816B75B4B580}"
	ProjectSection(ProjectDependencies) = postProject
		{5B052CE9-1F0E-46DD-88A6-1B9F082D2C1E} = {5B052CE9-1F0E-46DD-88A6-1B9F082D2C1E}
		{09879406-C85D-4301-A8A6-7D7DE82A5F0D} = {09879406-C85D-4301-A8A6-7D7DE82A5F0D}
		{CE2CFEE4-2B79-4F20-B171-10831FB8EB64} = {CE2CFEE4-2B79-4F20-B171-10831FB8EB64}
		{CEEEA4B6-64D3-4283-A1E5-3B0B6694DFDB} = {CEEEA4B6-64D3-4283-A1E5-3B0B6694DFDB}
		{0F365699-B65F-4661-8389-3CA7420FFADA} = {0F365699-B65F-4661-8389-3CA7420FFADA}
		{EC2C5C68-8C2D-44F7-A4AE-B82C8E02B122} = {EC2C5C68-8C2D-44F7-A4AE-B82C8E02B122}
		{C9F35660-EE34-4A03-8390-CBEF907D88BD} = {C9F35660-EE34-4A03-8390-CBEF907D88BD}
		{CC754AC9-B6E0-4255-9D54-186EB4ADA60C} = {CC754AC9-B6E0-4255-9D54-186EB4ADA60C}
		{798D8B6B-7EE0-4438-95AC-F24A83202AEF} = {798D8B6B-7EE0-4438-95AC-F24A83202AEF}
		{9FC83D71-161E-44F9-AA2E-4B39FD1B05B6} = {9FC83D71-161E-44F9-AA2E-4B39FD1B05B6}
		{35741687-CA8E-450E-AB92-A73C57C5D726} = {35741687-CA8E-450E-AB92-A73C57C5D726}
		{17B53A60-FAFA-49B6-AA66-FC96742C30AC} = {17B53A60-FAFA-49B6-AA66-FC96742C30AC}
		{21EF68BA-ABD3-4A3B-8881-E6B9A56C51F6} = {21EF68BA-ABD3-4A3B-8881-E6B9A56C51F6}
		{BA615E22-2366-4C90-ACAB-C23BAFBEA4CE} = {BA615E22-2366-4C90-ACAB-C23BAFBEA4CE}
		{FD13CECB-EA01-4CDE-8B27-F0F0D0A16126} = {FD13CECB-EA01-4CDE-8B27-F0F0D0A16126}
		{9A698C1E-AA1A-4850-910E-CCEF4063368D} = {9A698C1E-AA1A-4850-910E-CCEF4063368D}
		{B0A626EF-AAFF-4880-BB94-2826CCC129F5} = {B0A626EF-AAFF-4880-BB94-2826CCC129F5}
		{86ADF059-3F14-4B22-A501-A1E8702CCFC3} = {86ADF059-3F14-4B22-A501-A1E8702CCFC3}
		{C55603BF-B1F1-4D86-B867-04A6222E8962} = {C55603BF-B1F1-4D86-B867-04A6222E8962}
		{044D3AD0-EE30-488A-96B4-31EE2234F90C} = {044D3AD0-EE30-488A-96B4-31EE2234F90C}
		{82DE2708-03B3-4F29-A747-76A370A4A629} = {82DE2708-03B3-4F29-A747-76A370A4A629}
	EndProjectSection
EndProject
Project("{8BC9CEB8-8B4A-11D0-8D11-00A0C91BC942}") = "Fibonacci", "examples\Fibonacci\Fibonacci.vcxproj", "{F55B9F8B-AE36-4F55-96E1-AE12B1EA1A34}"
	ProjectSection(ProjectDependencies) = postProject
		{5B052CE9-1F0E-46DD-88A6-1B9F082D2C1E} = {5B052CE9-1F0E-46DD-88A6-1B9F082D2C1E}
		{CEEEA4B6-64D3-4283-A1E5-3B0B6694DFDB} = {CEEEA4B6-64D3-4283-A1E5-3B0B6694DFDB}
		{CE2CFEE4-2B79-4F20-B171-10831FB8EB64} = {CE2CFEE4-2B79-4F20-B171-10831FB8EB64}
		{C9F35660-EE34-4A03-8390-CBEF907D88BD} = {C9F35660-EE34-4A03-8390-CBEF907D88BD}
		{0F365699-B65F-4661-8389-3CA7420FFADA} = {0F365699-B65F-4661-8389-3CA7420FFADA}
		{EC2C5C68-8C2D-44F7-A4AE-B82C8E02B122} = {EC2C5C68-8C2D-44F7-A4AE-B82C8E02B122}
		{CC754AC9-B6E0-4255-9D54-186EB4ADA60C} = {CC754AC9-B6E0-4255-9D54-186EB4ADA60C}
		{798D8B6B-7EE0-4438-95AC-F24A83202AEF} = {798D8B6B-7EE0-4438-95AC-F24A83202AEF}
		{9FC83D71-161E-44F9-AA2E-4B39FD1B05B6} = {9FC83D71-161E-44F9-AA2E-4B39FD1B05B6}
		{35741687-CA8E-450E-AB92-A73C57C5D726} = {35741687-CA8E-450E-AB92-A73C57C5D726}
		{17B53A60-FAFA-49B6-AA66-FC96742C30AC} = {17B53A60-FAFA-49B6-AA66-FC96742C30AC}
		{21EF68BA-ABD3-4A3B-8881-E6B9A56C51F6} = {21EF68BA-ABD3-4A3B-8881-E6B9A56C51F6}
		{BA615E22-2366-4C90-ACAB-C23BAFBEA4CE} = {BA615E22-2366-4C90-ACAB-C23BAFBEA4CE}
		{FD13CECB-EA01-4CDE-8B27-F0F0D0A16126} = {FD13CECB-EA01-4CDE-8B27-F0F0D0A16126}
		{9A698C1E-AA1A-4850-910E-CCEF4063368D} = {9A698C1E-AA1A-4850-910E-CCEF4063368D}
		{B0A626EF-AAFF-4880-BB94-2826CCC129F5} = {B0A626EF-AAFF-4880-BB94-2826CCC129F5}
		{86ADF059-3F14-4B22-A501-A1E8702CCFC3} = {86ADF059-3F14-4B22-A501-A1E8702CCFC3}
		{C55603BF-B1F1-4D86-B867-04A6222E8962} = {C55603BF-B1F1-4D86-B867-04A6222E8962}
		{044D3AD0-EE30-488A-96B4-31EE2234F90C} = {044D3AD0-EE30-488A-96B4-31EE2234F90C}
		{82DE2708-03B3-4F29-A747-76A370A4A629} = {82DE2708-03B3-4F29-A747-76A370A4A629}
	EndProjectSection
EndProject
Project("{8BC9CEB8-8B4A-11D0-8D11-00A0C91BC942}") = "FileCheck", "utils\FileCheck\FileCheck.vcxproj", "{006CA676-D7C6-49A9-AF62-C53513C2FA8C}"
	ProjectSection(ProjectDependencies) = postProject
		{86ADF059-3F14-4B22-A501-A1E8702CCFC3} = {86ADF059-3F14-4B22-A501-A1E8702CCFC3}
		{C55603BF-B1F1-4D86-B867-04A6222E8962} = {C55603BF-B1F1-4D86-B867-04A6222E8962}
		{044D3AD0-EE30-488A-96B4-31EE2234F90C} = {044D3AD0-EE30-488A-96B4-31EE2234F90C}
	EndProjectSection
EndProject
Project("{8BC9CEB8-8B4A-11D0-8D11-00A0C91BC942}") = "HowToUseJIT", "examples\HowToUseJIT\HowToUseJIT.vcxproj", "{210D7FD6-CFE9-48B8-B9A1-1B689CA6E556}"
	ProjectSection(ProjectDependencies) = postProject
		{5B052CE9-1F0E-46DD-88A6-1B9F082D2C1E} = {5B052CE9-1F0E-46DD-88A6-1B9F082D2C1E}
		{CEEEA4B6-64D3-4283-A1E5-3B0B6694DFDB} = {CEEEA4B6-64D3-4283-A1E5-3B0B6694DFDB}
		{CE2CFEE4-2B79-4F20-B171-10831FB8EB64} = {CE2CFEE4-2B79-4F20-B171-10831FB8EB64}
		{C9F35660-EE34-4A03-8390-CBEF907D88BD} = {C9F35660-EE34-4A03-8390-CBEF907D88BD}
		{0F365699-B65F-4661-8389-3CA7420FFADA} = {0F365699-B65F-4661-8389-3CA7420FFADA}
		{EC2C5C68-8C2D-44F7-A4AE-B82C8E02B122} = {EC2C5C68-8C2D-44F7-A4AE-B82C8E02B122}
		{CC754AC9-B6E0-4255-9D54-186EB4ADA60C} = {CC754AC9-B6E0-4255-9D54-186EB4ADA60C}
		{798D8B6B-7EE0-4438-95AC-F24A83202AEF} = {798D8B6B-7EE0-4438-95AC-F24A83202AEF}
		{9FC83D71-161E-44F9-AA2E-4B39FD1B05B6} = {9FC83D71-161E-44F9-AA2E-4B39FD1B05B6}
		{35741687-CA8E-450E-AB92-A73C57C5D726} = {35741687-CA8E-450E-AB92-A73C57C5D726}
		{17B53A60-FAFA-49B6-AA66-FC96742C30AC} = {17B53A60-FAFA-49B6-AA66-FC96742C30AC}
		{21EF68BA-ABD3-4A3B-8881-E6B9A56C51F6} = {21EF68BA-ABD3-4A3B-8881-E6B9A56C51F6}
		{BA615E22-2366-4C90-ACAB-C23BAFBEA4CE} = {BA615E22-2366-4C90-ACAB-C23BAFBEA4CE}
		{FD13CECB-EA01-4CDE-8B27-F0F0D0A16126} = {FD13CECB-EA01-4CDE-8B27-F0F0D0A16126}
		{9A698C1E-AA1A-4850-910E-CCEF4063368D} = {9A698C1E-AA1A-4850-910E-CCEF4063368D}
		{B0A626EF-AAFF-4880-BB94-2826CCC129F5} = {B0A626EF-AAFF-4880-BB94-2826CCC129F5}
		{86ADF059-3F14-4B22-A501-A1E8702CCFC3} = {86ADF059-3F14-4B22-A501-A1E8702CCFC3}
		{C55603BF-B1F1-4D86-B867-04A6222E8962} = {C55603BF-B1F1-4D86-B867-04A6222E8962}
		{044D3AD0-EE30-488A-96B4-31EE2234F90C} = {044D3AD0-EE30-488A-96B4-31EE2234F90C}
		{82DE2708-03B3-4F29-A747-76A370A4A629} = {82DE2708-03B3-4F29-A747-76A370A4A629}
	EndProjectSection
EndProject
Project("{8BC9CEB8-8B4A-11D0-8D11-00A0C91BC942}") = "INSTALL", ".\INSTALL.vcxproj", "{3EF47C0C-06EF-4D25-BA58-6FB4CEFDBFC6}"
	ProjectSection(ProjectDependencies) = postProject
		{7C1F813D-0FF3-4581-8240-A20D77844033} = {7C1F813D-0FF3-4581-8240-A20D77844033}
	EndProjectSection
EndProject
Project("{8BC9CEB8-8B4A-11D0-8D11-00A0C91BC942}") = "Kaleidoscope-Ch2", "examples\Kaleidoscope\Chapter2\Kaleidoscope-Ch2.vcxproj", "{B032BE95-A2B5-4E61-891A-3345E94069CB}"
	ProjectSection(ProjectDependencies) = postProject
		{044D3AD0-EE30-488A-96B4-31EE2234F90C} = {044D3AD0-EE30-488A-96B4-31EE2234F90C}
		{82DE2708-03B3-4F29-A747-76A370A4A629} = {82DE2708-03B3-4F29-A747-76A370A4A629}
	EndProjectSection
EndProject
Project("{8BC9CEB8-8B4A-11D0-8D11-00A0C91BC942}") = "Kaleidoscope-Ch3", "examples\Kaleidoscope\Chapter3\Kaleidoscope-Ch3.vcxproj", "{22B3C7E9-25CE-4351-84C8-4FB0A287BD68}"
	ProjectSection(ProjectDependencies) = postProject
		{9A698C1E-AA1A-4850-910E-CCEF4063368D} = {9A698C1E-AA1A-4850-910E-CCEF4063368D}
		{86ADF059-3F14-4B22-A501-A1E8702CCFC3} = {86ADF059-3F14-4B22-A501-A1E8702CCFC3}
		{C55603BF-B1F1-4D86-B867-04A6222E8962} = {C55603BF-B1F1-4D86-B867-04A6222E8962}
		{044D3AD0-EE30-488A-96B4-31EE2234F90C} = {044D3AD0-EE30-488A-96B4-31EE2234F90C}
		{82DE2708-03B3-4F29-A747-76A370A4A629} = {82DE2708-03B3-4F29-A747-76A370A4A629}
	EndProjectSection
EndProject
Project("{8BC9CEB8-8B4A-11D0-8D11-00A0C91BC942}") = "Kaleidoscope-Ch4", "examples\Kaleidoscope\Chapter4\Kaleidoscope-Ch4.vcxproj", "{805A2E69-DBFD-4932-AED7-9375681D2B63}"
	ProjectSection(ProjectDependencies) = postProject
		{5B052CE9-1F0E-46DD-88A6-1B9F082D2C1E} = {5B052CE9-1F0E-46DD-88A6-1B9F082D2C1E}
		{CEEEA4B6-64D3-4283-A1E5-3B0B6694DFDB} = {CEEEA4B6-64D3-4283-A1E5-3B0B6694DFDB}
		{CE2CFEE4-2B79-4F20-B171-10831FB8EB64} = {CE2CFEE4-2B79-4F20-B171-10831FB8EB64}
		{C9F35660-EE34-4A03-8390-CBEF907D88BD} = {C9F35660-EE34-4A03-8390-CBEF907D88BD}
		{0F365699-B65F-4661-8389-3CA7420FFADA} = {0F365699-B65F-4661-8389-3CA7420FFADA}
		{EC2C5C68-8C2D-44F7-A4AE-B82C8E02B122} = {EC2C5C68-8C2D-44F7-A4AE-B82C8E02B122}
		{CC754AC9-B6E0-4255-9D54-186EB4ADA60C} = {CC754AC9-B6E0-4255-9D54-186EB4ADA60C}
		{798D8B6B-7EE0-4438-95AC-F24A83202AEF} = {798D8B6B-7EE0-4438-95AC-F24A83202AEF}
		{9FC83D71-161E-44F9-AA2E-4B39FD1B05B6} = {9FC83D71-161E-44F9-AA2E-4B39FD1B05B6}
		{35741687-CA8E-450E-AB92-A73C57C5D726} = {35741687-CA8E-450E-AB92-A73C57C5D726}
		{17B53A60-FAFA-49B6-AA66-FC96742C30AC} = {17B53A60-FAFA-49B6-AA66-FC96742C30AC}
		{21EF68BA-ABD3-4A3B-8881-E6B9A56C51F6} = {21EF68BA-ABD3-4A3B-8881-E6B9A56C51F6}
		{BA615E22-2366-4C90-ACAB-C23BAFBEA4CE} = {BA615E22-2366-4C90-ACAB-C23BAFBEA4CE}
		{FD13CECB-EA01-4CDE-8B27-F0F0D0A16126} = {FD13CECB-EA01-4CDE-8B27-F0F0D0A16126}
		{9A698C1E-AA1A-4850-910E-CCEF4063368D} = {9A698C1E-AA1A-4850-910E-CCEF4063368D}
		{B0A626EF-AAFF-4880-BB94-2826CCC129F5} = {B0A626EF-AAFF-4880-BB94-2826CCC129F5}
		{86ADF059-3F14-4B22-A501-A1E8702CCFC3} = {86ADF059-3F14-4B22-A501-A1E8702CCFC3}
		{C55603BF-B1F1-4D86-B867-04A6222E8962} = {C55603BF-B1F1-4D86-B867-04A6222E8962}
		{044D3AD0-EE30-488A-96B4-31EE2234F90C} = {044D3AD0-EE30-488A-96B4-31EE2234F90C}
		{82DE2708-03B3-4F29-A747-76A370A4A629} = {82DE2708-03B3-4F29-A747-76A370A4A629}
	EndProjectSection
EndProject
Project("{8BC9CEB8-8B4A-11D0-8D11-00A0C91BC942}") = "Kaleidoscope-Ch5", "examples\Kaleidoscope\Chapter5\Kaleidoscope-Ch5.vcxproj", "{EF353991-9713-41CB-92C0-D2E4F2E69043}"
	ProjectSection(ProjectDependencies) = postProject
		{5B052CE9-1F0E-46DD-88A6-1B9F082D2C1E} = {5B052CE9-1F0E-46DD-88A6-1B9F082D2C1E}
		{CEEEA4B6-64D3-4283-A1E5-3B0B6694DFDB} = {CEEEA4B6-64D3-4283-A1E5-3B0B6694DFDB}
		{CE2CFEE4-2B79-4F20-B171-10831FB8EB64} = {CE2CFEE4-2B79-4F20-B171-10831FB8EB64}
		{C9F35660-EE34-4A03-8390-CBEF907D88BD} = {C9F35660-EE34-4A03-8390-CBEF907D88BD}
		{0F365699-B65F-4661-8389-3CA7420FFADA} = {0F365699-B65F-4661-8389-3CA7420FFADA}
		{EC2C5C68-8C2D-44F7-A4AE-B82C8E02B122} = {EC2C5C68-8C2D-44F7-A4AE-B82C8E02B122}
		{CC754AC9-B6E0-4255-9D54-186EB4ADA60C} = {CC754AC9-B6E0-4255-9D54-186EB4ADA60C}
		{798D8B6B-7EE0-4438-95AC-F24A83202AEF} = {798D8B6B-7EE0-4438-95AC-F24A83202AEF}
		{9FC83D71-161E-44F9-AA2E-4B39FD1B05B6} = {9FC83D71-161E-44F9-AA2E-4B39FD1B05B6}
		{35741687-CA8E-450E-AB92-A73C57C5D726} = {35741687-CA8E-450E-AB92-A73C57C5D726}
		{17B53A60-FAFA-49B6-AA66-FC96742C30AC} = {17B53A60-FAFA-49B6-AA66-FC96742C30AC}
		{21EF68BA-ABD3-4A3B-8881-E6B9A56C51F6} = {21EF68BA-ABD3-4A3B-8881-E6B9A56C51F6}
		{BA615E22-2366-4C90-ACAB-C23BAFBEA4CE} = {BA615E22-2366-4C90-ACAB-C23BAFBEA4CE}
		{FD13CECB-EA01-4CDE-8B27-F0F0D0A16126} = {FD13CECB-EA01-4CDE-8B27-F0F0D0A16126}
		{9A698C1E-AA1A-4850-910E-CCEF4063368D} = {9A698C1E-AA1A-4850-910E-CCEF4063368D}
		{B0A626EF-AAFF-4880-BB94-2826CCC129F5} = {B0A626EF-AAFF-4880-BB94-2826CCC129F5}
		{86ADF059-3F14-4B22-A501-A1E8702CCFC3} = {86ADF059-3F14-4B22-A501-A1E8702CCFC3}
		{C55603BF-B1F1-4D86-B867-04A6222E8962} = {C55603BF-B1F1-4D86-B867-04A6222E8962}
		{044D3AD0-EE30-488A-96B4-31EE2234F90C} = {044D3AD0-EE30-488A-96B4-31EE2234F90C}
		{82DE2708-03B3-4F29-A747-76A370A4A629} = {82DE2708-03B3-4F29-A747-76A370A4A629}
	EndProjectSection
EndProject
Project("{8BC9CEB8-8B4A-11D0-8D11-00A0C91BC942}") = "Kaleidoscope-Ch6", "examples\Kaleidoscope\Chapter6\Kaleidoscope-Ch6.vcxproj", "{81619448-742C-440A-9656-50D8015946DB}"
	ProjectSection(ProjectDependencies) = postProject
		{5B052CE9-1F0E-46DD-88A6-1B9F082D2C1E} = {5B052CE9-1F0E-46DD-88A6-1B9F082D2C1E}
		{CEEEA4B6-64D3-4283-A1E5-3B0B6694DFDB} = {CEEEA4B6-64D3-4283-A1E5-3B0B6694DFDB}
		{CE2CFEE4-2B79-4F20-B171-10831FB8EB64} = {CE2CFEE4-2B79-4F20-B171-10831FB8EB64}
		{C9F35660-EE34-4A03-8390-CBEF907D88BD} = {C9F35660-EE34-4A03-8390-CBEF907D88BD}
		{0F365699-B65F-4661-8389-3CA7420FFADA} = {0F365699-B65F-4661-8389-3CA7420FFADA}
		{EC2C5C68-8C2D-44F7-A4AE-B82C8E02B122} = {EC2C5C68-8C2D-44F7-A4AE-B82C8E02B122}
		{CC754AC9-B6E0-4255-9D54-186EB4ADA60C} = {CC754AC9-B6E0-4255-9D54-186EB4ADA60C}
		{798D8B6B-7EE0-4438-95AC-F24A83202AEF} = {798D8B6B-7EE0-4438-95AC-F24A83202AEF}
		{9FC83D71-161E-44F9-AA2E-4B39FD1B05B6} = {9FC83D71-161E-44F9-AA2E-4B39FD1B05B6}
		{35741687-CA8E-450E-AB92-A73C57C5D726} = {35741687-CA8E-450E-AB92-A73C57C5D726}
		{17B53A60-FAFA-49B6-AA66-FC96742C30AC} = {17B53A60-FAFA-49B6-AA66-FC96742C30AC}
		{21EF68BA-ABD3-4A3B-8881-E6B9A56C51F6} = {21EF68BA-ABD3-4A3B-8881-E6B9A56C51F6}
		{BA615E22-2366-4C90-ACAB-C23BAFBEA4CE} = {BA615E22-2366-4C90-ACAB-C23BAFBEA4CE}
		{FD13CECB-EA01-4CDE-8B27-F0F0D0A16126} = {FD13CECB-EA01-4CDE-8B27-F0F0D0A16126}
		{9A698C1E-AA1A-4850-910E-CCEF4063368D} = {9A698C1E-AA1A-4850-910E-CCEF4063368D}
		{B0A626EF-AAFF-4880-BB94-2826CCC129F5} = {B0A626EF-AAFF-4880-BB94-2826CCC129F5}
		{86ADF059-3F14-4B22-A501-A1E8702CCFC3} = {86ADF059-3F14-4B22-A501-A1E8702CCFC3}
		{C55603BF-B1F1-4D86-B867-04A6222E8962} = {C55603BF-B1F1-4D86-B867-04A6222E8962}
		{044D3AD0-EE30-488A-96B4-31EE2234F90C} = {044D3AD0-EE30-488A-96B4-31EE2234F90C}
		{82DE2708-03B3-4F29-A747-76A370A4A629} = {82DE2708-03B3-4F29-A747-76A370A4A629}
	EndProjectSection
EndProject
Project("{8BC9CEB8-8B4A-11D0-8D11-00A0C91BC942}") = "Kaleidoscope-Ch7", "examples\Kaleidoscope\Chapter7\Kaleidoscope-Ch7.vcxproj", "{1608104B-D730-492F-8B38-73AFA6E8C0E6}"
	ProjectSection(ProjectDependencies) = postProject
		{5B052CE9-1F0E-46DD-88A6-1B9F082D2C1E} = {5B052CE9-1F0E-46DD-88A6-1B9F082D2C1E}
		{CEEEA4B6-64D3-4283-A1E5-3B0B6694DFDB} = {CEEEA4B6-64D3-4283-A1E5-3B0B6694DFDB}
		{CE2CFEE4-2B79-4F20-B171-10831FB8EB64} = {CE2CFEE4-2B79-4F20-B171-10831FB8EB64}
		{C9F35660-EE34-4A03-8390-CBEF907D88BD} = {C9F35660-EE34-4A03-8390-CBEF907D88BD}
		{0F365699-B65F-4661-8389-3CA7420FFADA} = {0F365699-B65F-4661-8389-3CA7420FFADA}
		{EC2C5C68-8C2D-44F7-A4AE-B82C8E02B122} = {EC2C5C68-8C2D-44F7-A4AE-B82C8E02B122}
		{CC754AC9-B6E0-4255-9D54-186EB4ADA60C} = {CC754AC9-B6E0-4255-9D54-186EB4ADA60C}
		{798D8B6B-7EE0-4438-95AC-F24A83202AEF} = {798D8B6B-7EE0-4438-95AC-F24A83202AEF}
		{9FC83D71-161E-44F9-AA2E-4B39FD1B05B6} = {9FC83D71-161E-44F9-AA2E-4B39FD1B05B6}
		{35741687-CA8E-450E-AB92-A73C57C5D726} = {35741687-CA8E-450E-AB92-A73C57C5D726}
		{17B53A60-FAFA-49B6-AA66-FC96742C30AC} = {17B53A60-FAFA-49B6-AA66-FC96742C30AC}
		{21EF68BA-ABD3-4A3B-8881-E6B9A56C51F6} = {21EF68BA-ABD3-4A3B-8881-E6B9A56C51F6}
		{BA615E22-2366-4C90-ACAB-C23BAFBEA4CE} = {BA615E22-2366-4C90-ACAB-C23BAFBEA4CE}
		{FD13CECB-EA01-4CDE-8B27-F0F0D0A16126} = {FD13CECB-EA01-4CDE-8B27-F0F0D0A16126}
		{9A698C1E-AA1A-4850-910E-CCEF4063368D} = {9A698C1E-AA1A-4850-910E-CCEF4063368D}
		{B0A626EF-AAFF-4880-BB94-2826CCC129F5} = {B0A626EF-AAFF-4880-BB94-2826CCC129F5}
		{86ADF059-3F14-4B22-A501-A1E8702CCFC3} = {86ADF059-3F14-4B22-A501-A1E8702CCFC3}
		{C55603BF-B1F1-4D86-B867-04A6222E8962} = {C55603BF-B1F1-4D86-B867-04A6222E8962}
		{044D3AD0-EE30-488A-96B4-31EE2234F90C} = {044D3AD0-EE30-488A-96B4-31EE2234F90C}
		{82DE2708-03B3-4F29-A747-76A370A4A629} = {82DE2708-03B3-4F29-A747-76A370A4A629}
	EndProjectSection
EndProject
Project("{8BC9CEB8-8B4A-11D0-8D11-00A0C91BC942}") = "LLVMAnalysis", "lib\Analysis\LLVMAnalysis.vcxproj", "{BA615E22-2366-4C90-ACAB-C23BAFBEA4CE}"
	ProjectSection(ProjectDependencies) = postProject
		{044D3AD0-EE30-488A-96B4-31EE2234F90C} = {044D3AD0-EE30-488A-96B4-31EE2234F90C}
		{82DE2708-03B3-4F29-A747-76A370A4A629} = {82DE2708-03B3-4F29-A747-76A370A4A629}
	EndProjectSection
EndProject
Project("{8BC9CEB8-8B4A-11D0-8D11-00A0C91BC942}") = "LLVMArchive", "lib\Archive\LLVMArchive.vcxproj", "{DFD176B5-00D0-4496-A1E5-AFC8CBE85DB1}"
	ProjectSection(ProjectDependencies) = postProject
		{044D3AD0-EE30-488A-96B4-31EE2234F90C} = {044D3AD0-EE30-488A-96B4-31EE2234F90C}
		{82DE2708-03B3-4F29-A747-76A370A4A629} = {82DE2708-03B3-4F29-A747-76A370A4A629}
	EndProjectSection
EndProject
Project("{8BC9CEB8-8B4A-11D0-8D11-00A0C91BC942}") = "LLVMAsmParser", "lib\AsmParser\LLVMAsmParser.vcxproj", "{F6666C90-1C4A-406B-BF93-C77FC6B8BB13}"
	ProjectSection(ProjectDependencies) = postProject
		{044D3AD0-EE30-488A-96B4-31EE2234F90C} = {044D3AD0-EE30-488A-96B4-31EE2234F90C}
		{82DE2708-03B3-4F29-A747-76A370A4A629} = {82DE2708-03B3-4F29-A747-76A370A4A629}
	EndProjectSection
EndProject
Project("{8BC9CEB8-8B4A-11D0-8D11-00A0C91BC942}") = "LLVMAsmPrinter", "lib\CodeGen\AsmPrinter\LLVMAsmPrinter.vcxproj", "{CC754AC9-B6E0-4255-9D54-186EB4ADA60C}"
	ProjectSection(ProjectDependencies) = postProject
		{044D3AD0-EE30-488A-96B4-31EE2234F90C} = {044D3AD0-EE30-488A-96B4-31EE2234F90C}
		{82DE2708-03B3-4F29-A747-76A370A4A629} = {82DE2708-03B3-4F29-A747-76A370A4A629}
	EndProjectSection
EndProject
Project("{8BC9CEB8-8B4A-11D0-8D11-00A0C91BC942}") = "LLVMBitReader", "lib\Bitcode\Reader\LLVMBitReader.vcxproj", "{F494DE4B-4279-4CF3-8BA9-879A0555E098}"
	ProjectSection(ProjectDependencies) = postProject
		{044D3AD0-EE30-488A-96B4-31EE2234F90C} = {044D3AD0-EE30-488A-96B4-31EE2234F90C}
		{82DE2708-03B3-4F29-A747-76A370A4A629} = {82DE2708-03B3-4F29-A747-76A370A4A629}
	EndProjectSection
EndProject
Project("{8BC9CEB8-8B4A-11D0-8D11-00A0C91BC942}") = "LLVMBitWriter", "lib\Bitcode\Writer\LLVMBitWriter.vcxproj", "{09879406-C85D-4301-A8A6-7D7DE82A5F0D}"
	ProjectSection(ProjectDependencies) = postProject
		{044D3AD0-EE30-488A-96B4-31EE2234F90C} = {044D3AD0-EE30-488A-96B4-31EE2234F90C}
		{82DE2708-03B3-4F29-A747-76A370A4A629} = {82DE2708-03B3-4F29-A747-76A370A4A629}
	EndProjectSection
EndProject
Project("{8BC9CEB8-8B4A-11D0-8D11-00A0C91BC942}") = "LLVMCodeGen", "lib\CodeGen\LLVMCodeGen.vcxproj", "{798D8B6B-7EE0-4438-95AC-F24A83202AEF}"
	ProjectSection(ProjectDependencies) = postProject
		{044D3AD0-EE30-488A-96B4-31EE2234F90C} = {044D3AD0-EE30-488A-96B4-31EE2234F90C}
		{82DE2708-03B3-4F29-A747-76A370A4A629} = {82DE2708-03B3-4F29-A747-76A370A4A629}
	EndProjectSection
EndProject
Project("{8BC9CEB8-8B4A-11D0-8D11-00A0C91BC942}") = "LLVMCore", "lib\VMCore\LLVMCore.vcxproj", "{9A698C1E-AA1A-4850-910E-CCEF4063368D}"
	ProjectSection(ProjectDependencies) = postProject
		{044D3AD0-EE30-488A-96B4-31EE2234F90C} = {044D3AD0-EE30-488A-96B4-31EE2234F90C}
		{82DE2708-03B3-4F29-A747-76A370A4A629} = {82DE2708-03B3-4F29-A747-76A370A4A629}
	EndProjectSection
EndProject
Project("{8BC9CEB8-8B4A-11D0-8D11-00A0C91BC942}") = "LLVMExecutionEngine", "lib\ExecutionEngine\LLVMExecutionEngine.vcxproj", "{C9F35660-EE34-4A03-8390-CBEF907D88BD}"
	ProjectSection(ProjectDependencies) = postProject
		{044D3AD0-EE30-488A-96B4-31EE2234F90C} = {044D3AD0-EE30-488A-96B4-31EE2234F90C}
		{82DE2708-03B3-4F29-A747-76A370A4A629} = {82DE2708-03B3-4F29-A747-76A370A4A629}
	EndProjectSection
EndProject
Project("{8BC9CEB8-8B4A-11D0-8D11-00A0C91BC942}") = "LLVMInstCombine", "lib\Transforms\InstCombine\LLVMInstCombine.vcxproj", "{35741687-CA8E-450E-AB92-A73C57C5D726}"
	ProjectSection(ProjectDependencies) = postProject
		{044D3AD0-EE30-488A-96B4-31EE2234F90C} = {044D3AD0-EE30-488A-96B4-31EE2234F90C}
		{82DE2708-03B3-4F29-A747-76A370A4A629} = {82DE2708-03B3-4F29-A747-76A370A4A629}
	EndProjectSection
EndProject
Project("{8BC9CEB8-8B4A-11D0-8D11-00A0C91BC942}") = "LLVMInstrumentation", "lib\Transforms\Instrumentation\LLVMInstrumentation.vcxproj", "{AACD8221-75C8-45CF-B7CB-E7275046FB48}"
	ProjectSection(ProjectDependencies) = postProject
		{044D3AD0-EE30-488A-96B4-31EE2234F90C} = {044D3AD0-EE30-488A-96B4-31EE2234F90C}
		{82DE2708-03B3-4F29-A747-76A370A4A629} = {82DE2708-03B3-4F29-A747-76A370A4A629}
	EndProjectSection
EndProject
Project("{8BC9CEB8-8B4A-11D0-8D11-00A0C91BC942}") = "LLVMInterpreter", "lib\ExecutionEngine\Interpreter\LLVMInterpreter.vcxproj", "{CEEEA4B6-64D3-4283-A1E5-3B0B6694DFDB}"
	ProjectSection(ProjectDependencies) = postProject
		{044D3AD0-EE30-488A-96B4-31EE2234F90C} = {044D3AD0-EE30-488A-96B4-31EE2234F90C}
		{82DE2708-03B3-4F29-A747-76A370A4A629} = {82DE2708-03B3-4F29-A747-76A370A4A629}
	EndProjectSection
EndProject
Project("{8BC9CEB8-8B4A-11D0-8D11-00A0C91BC942}") = "LLVMJIT", "lib\ExecutionEngine\JIT\LLVMJIT.vcxproj", "{5B052CE9-1F0E-46DD-88A6-1B9F082D2C1E}"
	ProjectSection(ProjectDependencies) = postProject
		{044D3AD0-EE30-488A-96B4-31EE2234F90C} = {044D3AD0-EE30-488A-96B4-31EE2234F90C}
		{82DE2708-03B3-4F29-A747-76A370A4A629} = {82DE2708-03B3-4F29-A747-76A370A4A629}
	EndProjectSection
EndProject
Project("{8BC9CEB8-8B4A-11D0-8D11-00A0C91BC942}") = "LLVMLinker", "lib\Linker\LLVMLinker.vcxproj", "{6AEDF4E8-5142-4455-90A7-6EE5AA755B41}"
	ProjectSection(ProjectDependencies) = postProject
		{044D3AD0-EE30-488A-96B4-31EE2234F90C} = {044D3AD0-EE30-488A-96B4-31EE2234F90C}
		{82DE2708-03B3-4F29-A747-76A370A4A629} = {82DE2708-03B3-4F29-A747-76A370A4A629}
	EndProjectSection
EndProject
Project("{8BC9CEB8-8B4A-11D0-8D11-00A0C91BC942}") = "LLVMMC", "lib\MC\LLVMMC.vcxproj", "{B0A626EF-AAFF-4880-BB94-2826CCC129F5}"
	ProjectSection(ProjectDependencies) = postProject
		{044D3AD0-EE30-488A-96B4-31EE2234F90C} = {044D3AD0-EE30-488A-96B4-31EE2234F90C}
		{82DE2708-03B3-4F29-A747-76A370A4A629} = {82DE2708-03B3-4F29-A747-76A370A4A629}
	EndProjectSection
EndProject
Project("{8BC9CEB8-8B4A-11D0-8D11-00A0C91BC942}") = "LLVMMCParser", "lib\MC\MCParser\LLVMMCParser.vcxproj", "{49870AB2-99D6-405C-AA13-C4663ECE1553}"
	ProjectSection(ProjectDependencies) = postProject
		{044D3AD0-EE30-488A-96B4-31EE2234F90C} = {044D3AD0-EE30-488A-96B4-31EE2234F90C}
		{82DE2708-03B3-4F29-A747-76A370A4A629} = {82DE2708-03B3-4F29-A747-76A370A4A629}
	EndProjectSection
EndProject
Project("{8BC9CEB8-8B4A-11D0-8D11-00A0C91BC942}") = "LLVMScalarOpts", "lib\Transforms\Scalar\LLVMScalarOpts.vcxproj", "{9FC83D71-161E-44F9-AA2E-4B39FD1B05B6}"
	ProjectSection(ProjectDependencies) = postProject
		{044D3AD0-EE30-488A-96B4-31EE2234F90C} = {044D3AD0-EE30-488A-96B4-31EE2234F90C}
		{82DE2708-03B3-4F29-A747-76A370A4A629} = {82DE2708-03B3-4F29-A747-76A370A4A629}
	EndProjectSection
EndProject
Project("{8BC9CEB8-8B4A-11D0-8D11-00A0C91BC942}") = "LLVMSelectionDAG", "lib\CodeGen\SelectionDAG\LLVMSelectionDAG.vcxproj", "{0F365699-B65F-4661-8389-3CA7420FFADA}"
	ProjectSection(ProjectDependencies) = postProject
		{044D3AD0-EE30-488A-96B4-31EE2234F90C} = {044D3AD0-EE30-488A-96B4-31EE2234F90C}
		{82DE2708-03B3-4F29-A747-76A370A4A629} = {82DE2708-03B3-4F29-A747-76A370A4A629}
	EndProjectSection
EndProject
Project("{8BC9CEB8-8B4A-11D0-8D11-00A0C91BC942}") = "LLVMSupport", "lib\Support\LLVMSupport.vcxproj", "{86ADF059-3F14-4B22-A501-A1E8702CCFC3}"
	ProjectSection(ProjectDependencies) = postProject
		{044D3AD0-EE30-488A-96B4-31EE2234F90C} = {044D3AD0-EE30-488A-96B4-31EE2234F90C}
	EndProjectSection
EndProject
Project("{8BC9CEB8-8B4A-11D0-8D11-00A0C91BC942}") = "LLVMSystem", "lib\System\LLVMSystem.vcxproj", "{C55603BF-B1F1-4D86-B867-04A6222E8962}"
	ProjectSection(ProjectDependencies) = postProject
		{044D3AD0-EE30-488A-96B4-31EE2234F90C} = {044D3AD0-EE30-488A-96B4-31EE2234F90C}
	EndProjectSection
EndProject
Project("{8BC9CEB8-8B4A-11D0-8D11-00A0C91BC942}") = "LLVMTarget", "lib\Target\LLVMTarget.vcxproj", "{FD13CECB-EA01-4CDE-8B27-F0F0D0A16126}"
	ProjectSection(ProjectDependencies) = postProject
		{044D3AD0-EE30-488A-96B4-31EE2234F90C} = {044D3AD0-EE30-488A-96B4-31EE2234F90C}
		{82DE2708-03B3-4F29-A747-76A370A4A629} = {82DE2708-03B3-4F29-A747-76A370A4A629}
	EndProjectSection
EndProject
Project("{8BC9CEB8-8B4A-11D0-8D11-00A0C91BC942}") = "LLVMTransformUtils", "lib\Transforms\Utils\LLVMTransformUtils.vcxproj", "{17B53A60-FAFA-49B6-AA66-FC96742C30AC}"
	ProjectSection(ProjectDependencies) = postProject
		{044D3AD0-EE30-488A-96B4-31EE2234F90C} = {044D3AD0-EE30-488A-96B4-31EE2234F90C}
		{82DE2708-03B3-4F29-A747-76A370A4A629} = {82DE2708-03B3-4F29-A747-76A370A4A629}
	EndProjectSection
EndProject
Project("{8BC9CEB8-8B4A-11D0-8D11-00A0C91BC942}") = "LLVMX86AsmParser", "lib\Target\X86\AsmParser\LLVMX86AsmParser.vcxproj", "{EB90107F-0C64-47C7-9583-6A5CE688941C}"
	ProjectSection(ProjectDependencies) = postProject
		{CE2CFEE4-2B79-4F20-B171-10831FB8EB64} = {CE2CFEE4-2B79-4F20-B171-10831FB8EB64}
		{E4244023-B7E1-4BD2-A106-A83A27F16AE6} = {E4244023-B7E1-4BD2-A106-A83A27F16AE6}
		{044D3AD0-EE30-488A-96B4-31EE2234F90C} = {044D3AD0-EE30-488A-96B4-31EE2234F90C}
		{82DE2708-03B3-4F29-A747-76A370A4A629} = {82DE2708-03B3-4F29-A747-76A370A4A629}
	EndProjectSection
EndProject
Project("{8BC9CEB8-8B4A-11D0-8D11-00A0C91BC942}") = "LLVMX86AsmPrinter", "lib\Target\X86\AsmPrinter\LLVMX86AsmPrinter.vcxproj", "{91B7579B-09B7-4860-99D7-6D406E705D11}"
	ProjectSection(ProjectDependencies) = postProject
		{CE2CFEE4-2B79-4F20-B171-10831FB8EB64} = {CE2CFEE4-2B79-4F20-B171-10831FB8EB64}
		{E4244023-B7E1-4BD2-A106-A83A27F16AE6} = {E4244023-B7E1-4BD2-A106-A83A27F16AE6}
		{044D3AD0-EE30-488A-96B4-31EE2234F90C} = {044D3AD0-EE30-488A-96B4-31EE2234F90C}
		{82DE2708-03B3-4F29-A747-76A370A4A629} = {82DE2708-03B3-4F29-A747-76A370A4A629}
	EndProjectSection
EndProject
Project("{8BC9CEB8-8B4A-11D0-8D11-00A0C91BC942}") = "LLVMX86CodeGen", "lib\Target\X86\LLVMX86CodeGen.vcxproj", "{CE2CFEE4-2B79-4F20-B171-10831FB8EB64}"
	ProjectSection(ProjectDependencies) = postProject
		{E4244023-B7E1-4BD2-A106-A83A27F16AE6} = {E4244023-B7E1-4BD2-A106-A83A27F16AE6}
		{044D3AD0-EE30-488A-96B4-31EE2234F90C} = {044D3AD0-EE30-488A-96B4-31EE2234F90C}
		{82DE2708-03B3-4F29-A747-76A370A4A629} = {82DE2708-03B3-4F29-A747-76A370A4A629}
		{0EF772EC-7BB4-4449-BB60-377F8C477C66} = {0EF772EC-7BB4-4449-BB60-377F8C477C66}
	EndProjectSection
EndProject
Project("{8BC9CEB8-8B4A-11D0-8D11-00A0C91BC942}") = "LLVMX86Disassembler", "lib\Target\X86\Disassembler\LLVMX86Disassembler.vcxproj", "{ECD04446-499D-4AA7-A882-F0D1E268A27B}"
	ProjectSection(ProjectDependencies) = postProject
		{CE2CFEE4-2B79-4F20-B171-10831FB8EB64} = {CE2CFEE4-2B79-4F20-B171-10831FB8EB64}
		{E4244023-B7E1-4BD2-A106-A83A27F16AE6} = {E4244023-B7E1-4BD2-A106-A83A27F16AE6}
		{044D3AD0-EE30-488A-96B4-31EE2234F90C} = {044D3AD0-EE30-488A-96B4-31EE2234F90C}
		{82DE2708-03B3-4F29-A747-76A370A4A629} = {82DE2708-03B3-4F29-A747-76A370A4A629}
	EndProjectSection
EndProject
Project("{8BC9CEB8-8B4A-11D0-8D11-00A0C91BC942}") = "LLVMX86Info", "lib\Target\X86\TargetInfo\LLVMX86Info.vcxproj", "{EC2C5C68-8C2D-44F7-A4AE-B82C8E02B122}"
	ProjectSection(ProjectDependencies) = postProject
		{CE2CFEE4-2B79-4F20-B171-10831FB8EB64} = {CE2CFEE4-2B79-4F20-B171-10831FB8EB64}
		{E4244023-B7E1-4BD2-A106-A83A27F16AE6} = {E4244023-B7E1-4BD2-A106-A83A27F16AE6}
		{044D3AD0-EE30-488A-96B4-31EE2234F90C} = {044D3AD0-EE30-488A-96B4-31EE2234F90C}
		{82DE2708-03B3-4F29-A747-76A370A4A629} = {82DE2708-03B3-4F29-A747-76A370A4A629}
	EndProjectSection
EndProject
Project("{8BC9CEB8-8B4A-11D0-8D11-00A0C91BC942}") = "LLVMipa", "lib\Analysis\IPA\LLVMipa.vcxproj", "{21EF68BA-ABD3-4A3B-8881-E6B9A56C51F6}"
	ProjectSection(ProjectDependencies) = postProject
		{044D3AD0-EE30-488A-96B4-31EE2234F90C} = {044D3AD0-EE30-488A-96B4-31EE2234F90C}
		{82DE2708-03B3-4F29-A747-76A370A4A629} = {82DE2708-03B3-4F29-A747-76A370A4A629}
	EndProjectSection
EndProject
Project("{8BC9CEB8-8B4A-11D0-8D11-00A0C91BC942}") = "LLVMipo", "lib\Transforms\IPO\LLVMipo.vcxproj", "{202C1290-7351-412A-BC9D-60F81A0CEABB}"
	ProjectSection(ProjectDependencies) = postProject
		{044D3AD0-EE30-488A-96B4-31EE2234F90C} = {044D3AD0-EE30-488A-96B4-31EE2234F90C}
		{82DE2708-03B3-4F29-A747-76A370A4A629} = {82DE2708-03B3-4F29-A747-76A370A4A629}
	EndProjectSection
EndProject
Project("{8BC9CEB8-8B4A-11D0-8D11-00A0C91BC942}") = "ModuleMaker", "examples\ModuleMaker\ModuleMaker.vcxproj", "{2E5D4730-3DEC-4E6E-B39E-2D2393A263B9}"
	ProjectSection(ProjectDependencies) = postProject
		{09879406-C85D-4301-A8A6-7D7DE82A5F0D} = {09879406-C85D-4301-A8A6-7D7DE82A5F0D}
		{9A698C1E-AA1A-4850-910E-CCEF4063368D} = {9A698C1E-AA1A-4850-910E-CCEF4063368D}
		{86ADF059-3F14-4B22-A501-A1E8702CCFC3} = {86ADF059-3F14-4B22-A501-A1E8702CCFC3}
		{C55603BF-B1F1-4D86-B867-04A6222E8962} = {C55603BF-B1F1-4D86-B867-04A6222E8962}
		{044D3AD0-EE30-488A-96B4-31EE2234F90C} = {044D3AD0-EE30-488A-96B4-31EE2234F90C}
		{82DE2708-03B3-4F29-A747-76A370A4A629} = {82DE2708-03B3-4F29-A747-76A370A4A629}
	EndProjectSection
EndProject
Project("{8BC9CEB8-8B4A-11D0-8D11-00A0C91BC942}") = "X86CodeGenTable_gen", "lib\Target\X86\X86CodeGenTable_gen.vcxproj", "{E4244023-B7E1-4BD2-A106-A83A27F16AE6}"
	ProjectSection(ProjectDependencies) = postProject
		{044D3AD0-EE30-488A-96B4-31EE2234F90C} = {044D3AD0-EE30-488A-96B4-31EE2234F90C}
		{82DE2708-03B3-4F29-A747-76A370A4A629} = {82DE2708-03B3-4F29-A747-76A370A4A629}
		{0EF772EC-7BB4-4449-BB60-377F8C477C66} = {0EF772EC-7BB4-4449-BB60-377F8C477C66}
	EndProjectSection
EndProject
Project("{8BC9CEB8-8B4A-11D0-8D11-00A0C91BC942}") = "ZERO_CHECK", ".\ZERO_CHECK.vcxproj", "{044D3AD0-EE30-488A-96B4-31EE2234F90C}"
	ProjectSection(ProjectDependencies) = postProject
	EndProjectSection
EndProject
Project("{8BC9CEB8-8B4A-11D0-8D11-00A0C91BC942}") = "bugpoint", "tools\bugpoint\bugpoint.vcxproj", "{3D5E7A3A-B96A-41A7-97FE-C34540E1C043}"
	ProjectSection(ProjectDependencies) = postProject
		{F6666C90-1C4A-406B-BF93-C77FC6B8BB13} = {F6666C90-1C4A-406B-BF93-C77FC6B8BB13}
		{AACD8221-75C8-45CF-B7CB-E7275046FB48} = {AACD8221-75C8-45CF-B7CB-E7275046FB48}
		{9FC83D71-161E-44F9-AA2E-4B39FD1B05B6} = {9FC83D71-161E-44F9-AA2E-4B39FD1B05B6}
		{202C1290-7351-412A-BC9D-60F81A0CEABB} = {202C1290-7351-412A-BC9D-60F81A0CEABB}
		{6AEDF4E8-5142-4455-90A7-6EE5AA755B41} = {6AEDF4E8-5142-4455-90A7-6EE5AA755B41}
		{09879406-C85D-4301-A8A6-7D7DE82A5F0D} = {09879406-C85D-4301-A8A6-7D7DE82A5F0D}
		{35741687-CA8E-450E-AB92-A73C57C5D726} = {35741687-CA8E-450E-AB92-A73C57C5D726}
		{DFD176B5-00D0-4496-A1E5-AFC8CBE85DB1} = {DFD176B5-00D0-4496-A1E5-AFC8CBE85DB1}
		{17B53A60-FAFA-49B6-AA66-FC96742C30AC} = {17B53A60-FAFA-49B6-AA66-FC96742C30AC}
		{F494DE4B-4279-4CF3-8BA9-879A0555E098} = {F494DE4B-4279-4CF3-8BA9-879A0555E098}
		{21EF68BA-ABD3-4A3B-8881-E6B9A56C51F6} = {21EF68BA-ABD3-4A3B-8881-E6B9A56C51F6}
		{BA615E22-2366-4C90-ACAB-C23BAFBEA4CE} = {BA615E22-2366-4C90-ACAB-C23BAFBEA4CE}
		{FD13CECB-EA01-4CDE-8B27-F0F0D0A16126} = {FD13CECB-EA01-4CDE-8B27-F0F0D0A16126}
		{9A698C1E-AA1A-4850-910E-CCEF4063368D} = {9A698C1E-AA1A-4850-910E-CCEF4063368D}
		{B0A626EF-AAFF-4880-BB94-2826CCC129F5} = {B0A626EF-AAFF-4880-BB94-2826CCC129F5}
		{86ADF059-3F14-4B22-A501-A1E8702CCFC3} = {86ADF059-3F14-4B22-A501-A1E8702CCFC3}
		{C55603BF-B1F1-4D86-B867-04A6222E8962} = {C55603BF-B1F1-4D86-B867-04A6222E8962}
		{044D3AD0-EE30-488A-96B4-31EE2234F90C} = {044D3AD0-EE30-488A-96B4-31EE2234F90C}
		{82DE2708-03B3-4F29-A747-76A370A4A629} = {82DE2708-03B3-4F29-A747-76A370A4A629}
	EndProjectSection
EndProject
Project("{8BC9CEB8-8B4A-11D0-8D11-00A0C91BC942}") = "check", "test\check.vcxproj", "{F9E3D75C-7718-4FD2-90C6-500F864B1559}"
	ProjectSection(ProjectDependencies) = postProject
		{044D3AD0-EE30-488A-96B4-31EE2234F90C} = {044D3AD0-EE30-488A-96B4-31EE2234F90C}
	EndProjectSection
EndProject
Project("{8BC9CEB8-8B4A-11D0-8D11-00A0C91BC942}") = "count", "utils\count\count.vcxproj", "{B7F25832-9C6E-402C-BF30-0CB2E2781BB7}"
	ProjectSection(ProjectDependencies) = postProject
		{044D3AD0-EE30-488A-96B4-31EE2234F90C} = {044D3AD0-EE30-488A-96B4-31EE2234F90C}
	EndProjectSection
EndProject
Project("{8BC9CEB8-8B4A-11D0-8D11-00A0C91BC942}") = "intrinsics_gen", "include\llvm\intrinsics_gen.vcxproj", "{82DE2708-03B3-4F29-A747-76A370A4A629}"
	ProjectSection(ProjectDependencies) = postProject
		{044D3AD0-EE30-488A-96B4-31EE2234F90C} = {044D3AD0-EE30-488A-96B4-31EE2234F90C}
		{0EF772EC-7BB4-4449-BB60-377F8C477C66} = {0EF772EC-7BB4-4449-BB60-377F8C477C66}
	EndProjectSection
EndProject
Project("{8BC9CEB8-8B4A-11D0-8D11-00A0C91BC942}") = "llc", "tools\llc\llc.vcxproj", "{135B901B-4477-40B9-8DDD-E3FB474AFDA3}"
	ProjectSection(ProjectDependencies) = postProject
		{91B7579B-09B7-4860-99D7-6D406E705D11} = {91B7579B-09B7-4860-99D7-6D406E705D11}
		{EB90107F-0C64-47C7-9583-6A5CE688941C} = {EB90107F-0C64-47C7-9583-6A5CE688941C}
		{ECD04446-499D-4AA7-A882-F0D1E268A27B} = {ECD04446-499D-4AA7-A882-F0D1E268A27B}
		{F494DE4B-4279-4CF3-8BA9-879A0555E098} = {F494DE4B-4279-4CF3-8BA9-879A0555E098}
		{F6666C90-1C4A-406B-BF93-C77FC6B8BB13} = {F6666C90-1C4A-406B-BF93-C77FC6B8BB13}
		{CE2CFEE4-2B79-4F20-B171-10831FB8EB64} = {CE2CFEE4-2B79-4F20-B171-10831FB8EB64}
		{49870AB2-99D6-405C-AA13-C4663ECE1553} = {49870AB2-99D6-405C-AA13-C4663ECE1553}
		{0F365699-B65F-4661-8389-3CA7420FFADA} = {0F365699-B65F-4661-8389-3CA7420FFADA}
		{EC2C5C68-8C2D-44F7-A4AE-B82C8E02B122} = {EC2C5C68-8C2D-44F7-A4AE-B82C8E02B122}
		{CC754AC9-B6E0-4255-9D54-186EB4ADA60C} = {CC754AC9-B6E0-4255-9D54-186EB4ADA60C}
		{798D8B6B-7EE0-4438-95AC-F24A83202AEF} = {798D8B6B-7EE0-4438-95AC-F24A83202AEF}
		{9FC83D71-161E-44F9-AA2E-4B39FD1B05B6} = {9FC83D71-161E-44F9-AA2E-4B39FD1B05B6}
		{35741687-CA8E-450E-AB92-A73C57C5D726} = {35741687-CA8E-450E-AB92-A73C57C5D726}
		{17B53A60-FAFA-49B6-AA66-FC96742C30AC} = {17B53A60-FAFA-49B6-AA66-FC96742C30AC}
		{21EF68BA-ABD3-4A3B-8881-E6B9A56C51F6} = {21EF68BA-ABD3-4A3B-8881-E6B9A56C51F6}
		{BA615E22-2366-4C90-ACAB-C23BAFBEA4CE} = {BA615E22-2366-4C90-ACAB-C23BAFBEA4CE}
		{FD13CECB-EA01-4CDE-8B27-F0F0D0A16126} = {FD13CECB-EA01-4CDE-8B27-F0F0D0A16126}
		{9A698C1E-AA1A-4850-910E-CCEF4063368D} = {9A698C1E-AA1A-4850-910E-CCEF4063368D}
		{B0A626EF-AAFF-4880-BB94-2826CCC129F5} = {B0A626EF-AAFF-4880-BB94-2826CCC129F5}
		{86ADF059-3F14-4B22-A501-A1E8702CCFC3} = {86ADF059-3F14-4B22-A501-A1E8702CCFC3}
		{C55603BF-B1F1-4D86-B867-04A6222E8962} = {C55603BF-B1F1-4D86-B867-04A6222E8962}
		{044D3AD0-EE30-488A-96B4-31EE2234F90C} = {044D3AD0-EE30-488A-96B4-31EE2234F90C}
		{82DE2708-03B3-4F29-A747-76A370A4A629} = {82DE2708-03B3-4F29-A747-76A370A4A629}
	EndProjectSection
EndProject
Project("{8BC9CEB8-8B4A-11D0-8D11-00A0C91BC942}") = "lli", "tools\lli\lli.vcxproj", "{ED372B6E-7B7A-4C67-BBEC-14403E2864F5}"
	ProjectSection(ProjectDependencies) = postProject
		{5B052CE9-1F0E-46DD-88A6-1B9F082D2C1E} = {5B052CE9-1F0E-46DD-88A6-1B9F082D2C1E}
		{CEEEA4B6-64D3-4283-A1E5-3B0B6694DFDB} = {CEEEA4B6-64D3-4283-A1E5-3B0B6694DFDB}
		{CE2CFEE4-2B79-4F20-B171-10831FB8EB64} = {CE2CFEE4-2B79-4F20-B171-10831FB8EB64}
		{F494DE4B-4279-4CF3-8BA9-879A0555E098} = {F494DE4B-4279-4CF3-8BA9-879A0555E098}
		{C9F35660-EE34-4A03-8390-CBEF907D88BD} = {C9F35660-EE34-4A03-8390-CBEF907D88BD}
		{0F365699-B65F-4661-8389-3CA7420FFADA} = {0F365699-B65F-4661-8389-3CA7420FFADA}
		{EC2C5C68-8C2D-44F7-A4AE-B82C8E02B122} = {EC2C5C68-8C2D-44F7-A4AE-B82C8E02B122}
		{CC754AC9-B6E0-4255-9D54-186EB4ADA60C} = {CC754AC9-B6E0-4255-9D54-186EB4ADA60C}
		{798D8B6B-7EE0-4438-95AC-F24A83202AEF} = {798D8B6B-7EE0-4438-95AC-F24A83202AEF}
		{9FC83D71-161E-44F9-AA2E-4B39FD1B05B6} = {9FC83D71-161E-44F9-AA2E-4B39FD1B05B6}
		{35741687-CA8E-450E-AB92-A73C57C5D726} = {35741687-CA8E-450E-AB92-A73C57C5D726}
		{17B53A60-FAFA-49B6-AA66-FC96742C30AC} = {17B53A60-FAFA-49B6-AA66-FC96742C30AC}
		{21EF68BA-ABD3-4A3B-8881-E6B9A56C51F6} = {21EF68BA-ABD3-4A3B-8881-E6B9A56C51F6}
		{BA615E22-2366-4C90-ACAB-C23BAFBEA4CE} = {BA615E22-2366-4C90-ACAB-C23BAFBEA4CE}
		{FD13CECB-EA01-4CDE-8B27-F0F0D0A16126} = {FD13CECB-EA01-4CDE-8B27-F0F0D0A16126}
		{9A698C1E-AA1A-4850-910E-CCEF4063368D} = {9A698C1E-AA1A-4850-910E-CCEF4063368D}
		{B0A626EF-AAFF-4880-BB94-2826CCC129F5} = {B0A626EF-AAFF-4880-BB94-2826CCC129F5}
		{86ADF059-3F14-4B22-A501-A1E8702CCFC3} = {86ADF059-3F14-4B22-A501-A1E8702CCFC3}
		{C55603BF-B1F1-4D86-B867-04A6222E8962} = {C55603BF-B1F1-4D86-B867-04A6222E8962}
		{044D3AD0-EE30-488A-96B4-31EE2234F90C} = {044D3AD0-EE30-488A-96B4-31EE2234F90C}
		{82DE2708-03B3-4F29-A747-76A370A4A629} = {82DE2708-03B3-4F29-A747-76A370A4A629}
	EndProjectSection
EndProject
Project("{8BC9CEB8-8B4A-11D0-8D11-00A0C91BC942}") = "llvm-ar", "tools\llvm-ar\llvm-ar.vcxproj", "{0A763D96-96AF-4487-99AC-5523F89BE705}"
	ProjectSection(ProjectDependencies) = postProject
		{DFD176B5-00D0-4496-A1E5-AFC8CBE85DB1} = {DFD176B5-00D0-4496-A1E5-AFC8CBE85DB1}
		{F494DE4B-4279-4CF3-8BA9-879A0555E098} = {F494DE4B-4279-4CF3-8BA9-879A0555E098}
		{9A698C1E-AA1A-4850-910E-CCEF4063368D} = {9A698C1E-AA1A-4850-910E-CCEF4063368D}
		{86ADF059-3F14-4B22-A501-A1E8702CCFC3} = {86ADF059-3F14-4B22-A501-A1E8702CCFC3}
		{C55603BF-B1F1-4D86-B867-04A6222E8962} = {C55603BF-B1F1-4D86-B867-04A6222E8962}
		{044D3AD0-EE30-488A-96B4-31EE2234F90C} = {044D3AD0-EE30-488A-96B4-31EE2234F90C}
		{82DE2708-03B3-4F29-A747-76A370A4A629} = {82DE2708-03B3-4F29-A747-76A370A4A629}
	EndProjectSection
EndProject
Project("{8BC9CEB8-8B4A-11D0-8D11-00A0C91BC942}") = "llvm-as", "tools\llvm-as\llvm-as.vcxproj", "{313C8571-3AE4-439C-93BE-9E2C91C424EC}"
	ProjectSection(ProjectDependencies) = postProject
		{F6666C90-1C4A-406B-BF93-C77FC6B8BB13} = {F6666C90-1C4A-406B-BF93-C77FC6B8BB13}
		{09879406-C85D-4301-A8A6-7D7DE82A5F0D} = {09879406-C85D-4301-A8A6-7D7DE82A5F0D}
		{9A698C1E-AA1A-4850-910E-CCEF4063368D} = {9A698C1E-AA1A-4850-910E-CCEF4063368D}
		{86ADF059-3F14-4B22-A501-A1E8702CCFC3} = {86ADF059-3F14-4B22-A501-A1E8702CCFC3}
		{C55603BF-B1F1-4D86-B867-04A6222E8962} = {C55603BF-B1F1-4D86-B867-04A6222E8962}
		{044D3AD0-EE30-488A-96B4-31EE2234F90C} = {044D3AD0-EE30-488A-96B4-31EE2234F90C}
		{82DE2708-03B3-4F29-A747-76A370A4A629} = {82DE2708-03B3-4F29-A747-76A370A4A629}
	EndProjectSection
EndProject
Project("{8BC9CEB8-8B4A-11D0-8D11-00A0C91BC942}") = "llvm-bcanalyzer", "tools\llvm-bcanalyzer\llvm-bcanalyzer.vcxproj", "{88CA124A-9DCE-46A8-BE19-364F8828723D}"
	ProjectSection(ProjectDependencies) = postProject
		{F494DE4B-4279-4CF3-8BA9-879A0555E098} = {F494DE4B-4279-4CF3-8BA9-879A0555E098}
		{9A698C1E-AA1A-4850-910E-CCEF4063368D} = {9A698C1E-AA1A-4850-910E-CCEF4063368D}
		{86ADF059-3F14-4B22-A501-A1E8702CCFC3} = {86ADF059-3F14-4B22-A501-A1E8702CCFC3}
		{C55603BF-B1F1-4D86-B867-04A6222E8962} = {C55603BF-B1F1-4D86-B867-04A6222E8962}
		{044D3AD0-EE30-488A-96B4-31EE2234F90C} = {044D3AD0-EE30-488A-96B4-31EE2234F90C}
		{82DE2708-03B3-4F29-A747-76A370A4A629} = {82DE2708-03B3-4F29-A747-76A370A4A629}
	EndProjectSection
EndProject
Project("{8BC9CEB8-8B4A-11D0-8D11-00A0C91BC942}") = "llvm-dis", "tools\llvm-dis\llvm-dis.vcxproj", "{0AF21AB5-131A-4835-9854-A914D5FFBB80}"
	ProjectSection(ProjectDependencies) = postProject
		{F494DE4B-4279-4CF3-8BA9-879A0555E098} = {F494DE4B-4279-4CF3-8BA9-879A0555E098}
		{9A698C1E-AA1A-4850-910E-CCEF4063368D} = {9A698C1E-AA1A-4850-910E-CCEF4063368D}
		{86ADF059-3F14-4B22-A501-A1E8702CCFC3} = {86ADF059-3F14-4B22-A501-A1E8702CCFC3}
		{C55603BF-B1F1-4D86-B867-04A6222E8962} = {C55603BF-B1F1-4D86-B867-04A6222E8962}
		{044D3AD0-EE30-488A-96B4-31EE2234F90C} = {044D3AD0-EE30-488A-96B4-31EE2234F90C}
		{82DE2708-03B3-4F29-A747-76A370A4A629} = {82DE2708-03B3-4F29-A747-76A370A4A629}
	EndProjectSection
EndProject
Project("{8BC9CEB8-8B4A-11D0-8D11-00A0C91BC942}") = "llvm-extract", "tools\llvm-extract\llvm-extract.vcxproj", "{9865C2E5-2629-4AAE-80D8-160BFDB505F8}"
	ProjectSection(ProjectDependencies) = postProject
		{F6666C90-1C4A-406B-BF93-C77FC6B8BB13} = {F6666C90-1C4A-406B-BF93-C77FC6B8BB13}
		{202C1290-7351-412A-BC9D-60F81A0CEABB} = {202C1290-7351-412A-BC9D-60F81A0CEABB}
		{F494DE4B-4279-4CF3-8BA9-879A0555E098} = {F494DE4B-4279-4CF3-8BA9-879A0555E098}
		{09879406-C85D-4301-A8A6-7D7DE82A5F0D} = {09879406-C85D-4301-A8A6-7D7DE82A5F0D}
		{17B53A60-FAFA-49B6-AA66-FC96742C30AC} = {17B53A60-FAFA-49B6-AA66-FC96742C30AC}
		{21EF68BA-ABD3-4A3B-8881-E6B9A56C51F6} = {21EF68BA-ABD3-4A3B-8881-E6B9A56C51F6}
		{BA615E22-2366-4C90-ACAB-C23BAFBEA4CE} = {BA615E22-2366-4C90-ACAB-C23BAFBEA4CE}
		{FD13CECB-EA01-4CDE-8B27-F0F0D0A16126} = {FD13CECB-EA01-4CDE-8B27-F0F0D0A16126}
		{9A698C1E-AA1A-4850-910E-CCEF4063368D} = {9A698C1E-AA1A-4850-910E-CCEF4063368D}
		{B0A626EF-AAFF-4880-BB94-2826CCC129F5} = {B0A626EF-AAFF-4880-BB94-2826CCC129F5}
		{86ADF059-3F14-4B22-A501-A1E8702CCFC3} = {86ADF059-3F14-4B22-A501-A1E8702CCFC3}
		{C55603BF-B1F1-4D86-B867-04A6222E8962} = {C55603BF-B1F1-4D86-B867-04A6222E8962}
		{044D3AD0-EE30-488A-96B4-31EE2234F90C} = {044D3AD0-EE30-488A-96B4-31EE2234F90C}
		{82DE2708-03B3-4F29-A747-76A370A4A629} = {82DE2708-03B3-4F29-A747-76A370A4A629}
	EndProjectSection
EndProject
Project("{8BC9CEB8-8B4A-11D0-8D11-00A0C91BC942}") = "llvm-ld", "tools\llvm-ld\llvm-ld.vcxproj", "{0699E36C-E621-41DB-A64A-96E525E97456}"
	ProjectSection(ProjectDependencies) = postProject
		{202C1290-7351-412A-BC9D-60F81A0CEABB} = {202C1290-7351-412A-BC9D-60F81A0CEABB}
		{9FC83D71-161E-44F9-AA2E-4B39FD1B05B6} = {9FC83D71-161E-44F9-AA2E-4B39FD1B05B6}
		{6AEDF4E8-5142-4455-90A7-6EE5AA755B41} = {6AEDF4E8-5142-4455-90A7-6EE5AA755B41}
		{09879406-C85D-4301-A8A6-7D7DE82A5F0D} = {09879406-C85D-4301-A8A6-7D7DE82A5F0D}
		{35741687-CA8E-450E-AB92-A73C57C5D726} = {35741687-CA8E-450E-AB92-A73C57C5D726}
		{DFD176B5-00D0-4496-A1E5-AFC8CBE85DB1} = {DFD176B5-00D0-4496-A1E5-AFC8CBE85DB1}
		{17B53A60-FAFA-49B6-AA66-FC96742C30AC} = {17B53A60-FAFA-49B6-AA66-FC96742C30AC}
		{F494DE4B-4279-4CF3-8BA9-879A0555E098} = {F494DE4B-4279-4CF3-8BA9-879A0555E098}
		{21EF68BA-ABD3-4A3B-8881-E6B9A56C51F6} = {21EF68BA-ABD3-4A3B-8881-E6B9A56C51F6}
		{BA615E22-2366-4C90-ACAB-C23BAFBEA4CE} = {BA615E22-2366-4C90-ACAB-C23BAFBEA4CE}
		{FD13CECB-EA01-4CDE-8B27-F0F0D0A16126} = {FD13CECB-EA01-4CDE-8B27-F0F0D0A16126}
		{9A698C1E-AA1A-4850-910E-CCEF4063368D} = {9A698C1E-AA1A-4850-910E-CCEF4063368D}
		{B0A626EF-AAFF-4880-BB94-2826CCC129F5} = {B0A626EF-AAFF-4880-BB94-2826CCC129F5}
		{86ADF059-3F14-4B22-A501-A1E8702CCFC3} = {86ADF059-3F14-4B22-A501-A1E8702CCFC3}
		{C55603BF-B1F1-4D86-B867-04A6222E8962} = {C55603BF-B1F1-4D86-B867-04A6222E8962}
		{044D3AD0-EE30-488A-96B4-31EE2234F90C} = {044D3AD0-EE30-488A-96B4-31EE2234F90C}
		{82DE2708-03B3-4F29-A747-76A370A4A629} = {82DE2708-03B3-4F29-A747-76A370A4A629}
	EndProjectSection
EndProject
Project("{8BC9CEB8-8B4A-11D0-8D11-00A0C91BC942}") = "llvm-link", "tools\llvm-link\llvm-link.vcxproj", "{203B32BA-4FD4-48CD-85F7-0D93C1A8EAC3}"
	ProjectSection(ProjectDependencies) = postProject
		{6AEDF4E8-5142-4455-90A7-6EE5AA755B41} = {6AEDF4E8-5142-4455-90A7-6EE5AA755B41}
		{09879406-C85D-4301-A8A6-7D7DE82A5F0D} = {09879406-C85D-4301-A8A6-7D7DE82A5F0D}
		{F6666C90-1C4A-406B-BF93-C77FC6B8BB13} = {F6666C90-1C4A-406B-BF93-C77FC6B8BB13}
		{DFD176B5-00D0-4496-A1E5-AFC8CBE85DB1} = {DFD176B5-00D0-4496-A1E5-AFC8CBE85DB1}
		{F494DE4B-4279-4CF3-8BA9-879A0555E098} = {F494DE4B-4279-4CF3-8BA9-879A0555E098}
		{9A698C1E-AA1A-4850-910E-CCEF4063368D} = {9A698C1E-AA1A-4850-910E-CCEF4063368D}
		{86ADF059-3F14-4B22-A501-A1E8702CCFC3} = {86ADF059-3F14-4B22-A501-A1E8702CCFC3}
		{C55603BF-B1F1-4D86-B867-04A6222E8962} = {C55603BF-B1F1-4D86-B867-04A6222E8962}
		{044D3AD0-EE30-488A-96B4-31EE2234F90C} = {044D3AD0-EE30-488A-96B4-31EE2234F90C}
		{82DE2708-03B3-4F29-A747-76A370A4A629} = {82DE2708-03B3-4F29-A747-76A370A4A629}
	EndProjectSection
EndProject
Project("{8BC9CEB8-8B4A-11D0-8D11-00A0C91BC942}") = "llvm-mc", "tools\llvm-mc\llvm-mc.vcxproj", "{BD9475F1-F4C8-40FC-AC20-644BADFB9DE8}"
	ProjectSection(ProjectDependencies) = postProject
		{91B7579B-09B7-4860-99D7-6D406E705D11} = {91B7579B-09B7-4860-99D7-6D406E705D11}
		{EB90107F-0C64-47C7-9583-6A5CE688941C} = {EB90107F-0C64-47C7-9583-6A5CE688941C}
		{ECD04446-499D-4AA7-A882-F0D1E268A27B} = {ECD04446-499D-4AA7-A882-F0D1E268A27B}
		{CE2CFEE4-2B79-4F20-B171-10831FB8EB64} = {CE2CFEE4-2B79-4F20-B171-10831FB8EB64}
		{49870AB2-99D6-405C-AA13-C4663ECE1553} = {49870AB2-99D6-405C-AA13-C4663ECE1553}
		{0F365699-B65F-4661-8389-3CA7420FFADA} = {0F365699-B65F-4661-8389-3CA7420FFADA}
		{EC2C5C68-8C2D-44F7-A4AE-B82C8E02B122} = {EC2C5C68-8C2D-44F7-A4AE-B82C8E02B122}
		{CC754AC9-B6E0-4255-9D54-186EB4ADA60C} = {CC754AC9-B6E0-4255-9D54-186EB4ADA60C}
		{798D8B6B-7EE0-4438-95AC-F24A83202AEF} = {798D8B6B-7EE0-4438-95AC-F24A83202AEF}
		{9FC83D71-161E-44F9-AA2E-4B39FD1B05B6} = {9FC83D71-161E-44F9-AA2E-4B39FD1B05B6}
		{35741687-CA8E-450E-AB92-A73C57C5D726} = {35741687-CA8E-450E-AB92-A73C57C5D726}
		{17B53A60-FAFA-49B6-AA66-FC96742C30AC} = {17B53A60-FAFA-49B6-AA66-FC96742C30AC}
		{21EF68BA-ABD3-4A3B-8881-E6B9A56C51F6} = {21EF68BA-ABD3-4A3B-8881-E6B9A56C51F6}
		{BA615E22-2366-4C90-ACAB-C23BAFBEA4CE} = {BA615E22-2366-4C90-ACAB-C23BAFBEA4CE}
		{FD13CECB-EA01-4CDE-8B27-F0F0D0A16126} = {FD13CECB-EA01-4CDE-8B27-F0F0D0A16126}
		{9A698C1E-AA1A-4850-910E-CCEF4063368D} = {9A698C1E-AA1A-4850-910E-CCEF4063368D}
		{B0A626EF-AAFF-4880-BB94-2826CCC129F5} = {B0A626EF-AAFF-4880-BB94-2826CCC129F5}
		{86ADF059-3F14-4B22-A501-A1E8702CCFC3} = {86ADF059-3F14-4B22-A501-A1E8702CCFC3}
		{C55603BF-B1F1-4D86-B867-04A6222E8962} = {C55603BF-B1F1-4D86-B867-04A6222E8962}
		{044D3AD0-EE30-488A-96B4-31EE2234F90C} = {044D3AD0-EE30-488A-96B4-31EE2234F90C}
		{82DE2708-03B3-4F29-A747-76A370A4A629} = {82DE2708-03B3-4F29-A747-76A370A4A629}
	EndProjectSection
EndProject
Project("{8BC9CEB8-8B4A-11D0-8D11-00A0C91BC942}") = "llvm-nm", "tools\llvm-nm\llvm-nm.vcxproj", "{72EFCD4E-82FD-42D5-8E0C-21F9E7F403A5}"
	ProjectSection(ProjectDependencies) = postProject
		{DFD176B5-00D0-4496-A1E5-AFC8CBE85DB1} = {DFD176B5-00D0-4496-A1E5-AFC8CBE85DB1}
		{F494DE4B-4279-4CF3-8BA9-879A0555E098} = {F494DE4B-4279-4CF3-8BA9-879A0555E098}
		{9A698C1E-AA1A-4850-910E-CCEF4063368D} = {9A698C1E-AA1A-4850-910E-CCEF4063368D}
		{86ADF059-3F14-4B22-A501-A1E8702CCFC3} = {86ADF059-3F14-4B22-A501-A1E8702CCFC3}
		{C55603BF-B1F1-4D86-B867-04A6222E8962} = {C55603BF-B1F1-4D86-B867-04A6222E8962}
		{044D3AD0-EE30-488A-96B4-31EE2234F90C} = {044D3AD0-EE30-488A-96B4-31EE2234F90C}
		{82DE2708-03B3-4F29-A747-76A370A4A629} = {82DE2708-03B3-4F29-A747-76A370A4A629}
	EndProjectSection
EndProject
Project("{8BC9CEB8-8B4A-11D0-8D11-00A0C91BC942}") = "llvm-prof", "tools\llvm-prof\llvm-prof.vcxproj", "{27CC75A4-646E-4170-9CD6-24C2D4E33BB1}"
	ProjectSection(ProjectDependencies) = postProject
		{F494DE4B-4279-4CF3-8BA9-879A0555E098} = {F494DE4B-4279-4CF3-8BA9-879A0555E098}
		{BA615E22-2366-4C90-ACAB-C23BAFBEA4CE} = {BA615E22-2366-4C90-ACAB-C23BAFBEA4CE}
		{FD13CECB-EA01-4CDE-8B27-F0F0D0A16126} = {FD13CECB-EA01-4CDE-8B27-F0F0D0A16126}
		{9A698C1E-AA1A-4850-910E-CCEF4063368D} = {9A698C1E-AA1A-4850-910E-CCEF4063368D}
		{B0A626EF-AAFF-4880-BB94-2826CCC129F5} = {B0A626EF-AAFF-4880-BB94-2826CCC129F5}
		{86ADF059-3F14-4B22-A501-A1E8702CCFC3} = {86ADF059-3F14-4B22-A501-A1E8702CCFC3}
		{C55603BF-B1F1-4D86-B867-04A6222E8962} = {C55603BF-B1F1-4D86-B867-04A6222E8962}
		{044D3AD0-EE30-488A-96B4-31EE2234F90C} = {044D3AD0-EE30-488A-96B4-31EE2234F90C}
		{82DE2708-03B3-4F29-A747-76A370A4A629} = {82DE2708-03B3-4F29-A747-76A370A4A629}
	EndProjectSection
EndProject
Project("{8BC9CEB8-8B4A-11D0-8D11-00A0C91BC942}") = "llvm-ranlib", "tools\llvm-ranlib\llvm-ranlib.vcxproj", "{D00DB095-F9A5-49E8-9222-982798069B5A}"
	ProjectSection(ProjectDependencies) = postProject
		{DFD176B5-00D0-4496-A1E5-AFC8CBE85DB1} = {DFD176B5-00D0-4496-A1E5-AFC8CBE85DB1}
		{F494DE4B-4279-4CF3-8BA9-879A0555E098} = {F494DE4B-4279-4CF3-8BA9-879A0555E098}
		{9A698C1E-AA1A-4850-910E-CCEF4063368D} = {9A698C1E-AA1A-4850-910E-CCEF4063368D}
		{86ADF059-3F14-4B22-A501-A1E8702CCFC3} = {86ADF059-3F14-4B22-A501-A1E8702CCFC3}
		{C55603BF-B1F1-4D86-B867-04A6222E8962} = {C55603BF-B1F1-4D86-B867-04A6222E8962}
		{044D3AD0-EE30-488A-96B4-31EE2234F90C} = {044D3AD0-EE30-488A-96B4-31EE2234F90C}
		{82DE2708-03B3-4F29-A747-76A370A4A629} = {82DE2708-03B3-4F29-A747-76A370A4A629}
	EndProjectSection
EndProject
Project("{8BC9CEB8-8B4A-11D0-8D11-00A0C91BC942}") = "llvm-stub", "tools\llvm-stub\llvm-stub.vcxproj", "{CF19FBC9-4FAF-4C1F-8FB7-E4DB798299F7}"
	ProjectSection(ProjectDependencies) = postProject
		{044D3AD0-EE30-488A-96B4-31EE2234F90C} = {044D3AD0-EE30-488A-96B4-31EE2234F90C}
		{82DE2708-03B3-4F29-A747-76A370A4A629} = {82DE2708-03B3-4F29-A747-76A370A4A629}
	EndProjectSection
EndProject
Project("{8BC9CEB8-8B4A-11D0-8D11-00A0C91BC942}") = "llvm_headers_do_not_build", "include\llvm\llvm_headers_do_not_build.vcxproj", "{D9F6B06A-3329-4759-A012-A7702796903C}"
	ProjectSection(ProjectDependencies) = postProject
		{044D3AD0-EE30-488A-96B4-31EE2234F90C} = {044D3AD0-EE30-488A-96B4-31EE2234F90C}
	EndProjectSection
EndProject
Project("{8BC9CEB8-8B4A-11D0-8D11-00A0C91BC942}") = "not", "utils\not\not.vcxproj", "{9920EA4E-E698-418D-A182-BDC75F1EE822}"
	ProjectSection(ProjectDependencies) = postProject
		{C55603BF-B1F1-4D86-B867-04A6222E8962} = {C55603BF-B1F1-4D86-B867-04A6222E8962}
		{044D3AD0-EE30-488A-96B4-31EE2234F90C} = {044D3AD0-EE30-488A-96B4-31EE2234F90C}
	EndProjectSection
EndProject
Project("{8BC9CEB8-8B4A-11D0-8D11-00A0C91BC942}") = "opt", "tools\opt\opt.vcxproj", "{43F2F745-9236-4445-9A1F-403F835C58BF}"
	ProjectSection(ProjectDependencies) = postProject
		{F494DE4B-4279-4CF3-8BA9-879A0555E098} = {F494DE4B-4279-4CF3-8BA9-879A0555E098}
		{F6666C90-1C4A-406B-BF93-C77FC6B8BB13} = {F6666C90-1C4A-406B-BF93-C77FC6B8BB13}
		{09879406-C85D-4301-A8A6-7D7DE82A5F0D} = {09879406-C85D-4301-A8A6-7D7DE82A5F0D}
		{AACD8221-75C8-45CF-B7CB-E7275046FB48} = {AACD8221-75C8-45CF-B7CB-E7275046FB48}
		{9FC83D71-161E-44F9-AA2E-4B39FD1B05B6} = {9FC83D71-161E-44F9-AA2E-4B39FD1B05B6}
		{202C1290-7351-412A-BC9D-60F81A0CEABB} = {202C1290-7351-412A-BC9D-60F81A0CEABB}
		{35741687-CA8E-450E-AB92-A73C57C5D726} = {35741687-CA8E-450E-AB92-A73C57C5D726}
		{17B53A60-FAFA-49B6-AA66-FC96742C30AC} = {17B53A60-FAFA-49B6-AA66-FC96742C30AC}
		{21EF68BA-ABD3-4A3B-8881-E6B9A56C51F6} = {21EF68BA-ABD3-4A3B-8881-E6B9A56C51F6}
		{BA615E22-2366-4C90-ACAB-C23BAFBEA4CE} = {BA615E22-2366-4C90-ACAB-C23BAFBEA4CE}
		{FD13CECB-EA01-4CDE-8B27-F0F0D0A16126} = {FD13CECB-EA01-4CDE-8B27-F0F0D0A16126}
		{9A698C1E-AA1A-4850-910E-CCEF4063368D} = {9A698C1E-AA1A-4850-910E-CCEF4063368D}
		{B0A626EF-AAFF-4880-BB94-2826CCC129F5} = {B0A626EF-AAFF-4880-BB94-2826CCC129F5}
		{86ADF059-3F14-4B22-A501-A1E8702CCFC3} = {86ADF059-3F14-4B22-A501-A1E8702CCFC3}
		{C55603BF-B1F1-4D86-B867-04A6222E8962} = {C55603BF-B1F1-4D86-B867-04A6222E8962}
		{044D3AD0-EE30-488A-96B4-31EE2234F90C} = {044D3AD0-EE30-488A-96B4-31EE2234F90C}
		{82DE2708-03B3-4F29-A747-76A370A4A629} = {82DE2708-03B3-4F29-A747-76A370A4A629}
	EndProjectSection
EndProject
Project("{8BC9CEB8-8B4A-11D0-8D11-00A0C91BC942}") = "tblgen", "utils\TableGen\tblgen.vcxproj", "{0EF772EC-7BB4-4449-BB60-377F8C477C66}"
	ProjectSection(ProjectDependencies) = postProject
		{86ADF059-3F14-4B22-A501-A1E8702CCFC3} = {86ADF059-3F14-4B22-A501-A1E8702CCFC3}
		{C55603BF-B1F1-4D86-B867-04A6222E8962} = {C55603BF-B1F1-4D86-B867-04A6222E8962}
		{044D3AD0-EE30-488A-96B4-31EE2234F90C} = {044D3AD0-EE30-488A-96B4-31EE2234F90C}
	EndProjectSection
EndProject
Global
	GlobalSection(SolutionConfigurationPlatforms) = preSolution
		Debug|Win32 = Debug|Win32
		Release|Win32 = Release|Win32
		MinSizeRel|Win32 = MinSizeRel|Win32
		RelWithDebInfo|Win32 = RelWithDebInfo|Win32
	EndGlobalSection
	GlobalSection(ProjectConfigurationPlatforms) = postSolution
		{7C1F813D-0FF3-4581-8240-A20D77844033}.Debug|Win32.ActiveCfg = Debug|Win32
		{7C1F813D-0FF3-4581-8240-A20D77844033}.Debug|Win32.Build.0 = Debug|Win32
		{7C1F813D-0FF3-4581-8240-A20D77844033}.Release|Win32.ActiveCfg = Release|Win32
		{7C1F813D-0FF3-4581-8240-A20D77844033}.Release|Win32.Build.0 = Release|Win32
		{7C1F813D-0FF3-4581-8240-A20D77844033}.MinSizeRel|Win32.ActiveCfg = MinSizeRel|Win32
		{7C1F813D-0FF3-4581-8240-A20D77844033}.MinSizeRel|Win32.Build.0 = MinSizeRel|Win32
		{7C1F813D-0FF3-4581-8240-A20D77844033}.RelWithDebInfo|Win32.ActiveCfg = RelWithDebInfo|Win32
		{7C1F813D-0FF3-4581-8240-A20D77844033}.RelWithDebInfo|Win32.Build.0 = RelWithDebInfo|Win32
		{E4289A21-78F2-4F85-AEC1-816B75B4B580}.Debug|Win32.ActiveCfg = Debug|Win32
		{E4289A21-78F2-4F85-AEC1-816B75B4B580}.Debug|Win32.Build.0 = Debug|Win32
		{E4289A21-78F2-4F85-AEC1-816B75B4B580}.Release|Win32.ActiveCfg = Release|Win32
		{E4289A21-78F2-4F85-AEC1-816B75B4B580}.Release|Win32.Build.0 = Release|Win32
		{E4289A21-78F2-4F85-AEC1-816B75B4B580}.MinSizeRel|Win32.ActiveCfg = MinSizeRel|Win32
		{E4289A21-78F2-4F85-AEC1-816B75B4B580}.MinSizeRel|Win32.Build.0 = MinSizeRel|Win32
		{E4289A21-78F2-4F85-AEC1-816B75B4B580}.RelWithDebInfo|Win32.ActiveCfg = RelWithDebInfo|Win32
		{E4289A21-78F2-4F85-AEC1-816B75B4B580}.RelWithDebInfo|Win32.Build.0 = RelWithDebInfo|Win32
		{F55B9F8B-AE36-4F55-96E1-AE12B1EA1A34}.Debug|Win32.ActiveCfg = Debug|Win32
		{F55B9F8B-AE36-4F55-96E1-AE12B1EA1A34}.Debug|Win32.Build.0 = Debug|Win32
		{F55B9F8B-AE36-4F55-96E1-AE12B1EA1A34}.Release|Win32.ActiveCfg = Release|Win32
		{F55B9F8B-AE36-4F55-96E1-AE12B1EA1A34}.Release|Win32.Build.0 = Release|Win32
		{F55B9F8B-AE36-4F55-96E1-AE12B1EA1A34}.MinSizeRel|Win32.ActiveCfg = MinSizeRel|Win32
		{F55B9F8B-AE36-4F55-96E1-AE12B1EA1A34}.MinSizeRel|Win32.Build.0 = MinSizeRel|Win32
		{F55B9F8B-AE36-4F55-96E1-AE12B1EA1A34}.RelWithDebInfo|Win32.ActiveCfg = RelWithDebInfo|Win32
		{F55B9F8B-AE36-4F55-96E1-AE12B1EA1A34}.RelWithDebInfo|Win32.Build.0 = RelWithDebInfo|Win32
		{006CA676-D7C6-49A9-AF62-C53513C2FA8C}.Debug|Win32.ActiveCfg = Debug|Win32
		{006CA676-D7C6-49A9-AF62-C53513C2FA8C}.Debug|Win32.Build.0 = Debug|Win32
		{006CA676-D7C6-49A9-AF62-C53513C2FA8C}.Release|Win32.ActiveCfg = Release|Win32
		{006CA676-D7C6-49A9-AF62-C53513C2FA8C}.Release|Win32.Build.0 = Release|Win32
		{006CA676-D7C6-49A9-AF62-C53513C2FA8C}.MinSizeRel|Win32.ActiveCfg = MinSizeRel|Win32
		{006CA676-D7C6-49A9-AF62-C53513C2FA8C}.MinSizeRel|Win32.Build.0 = MinSizeRel|Win32
		{006CA676-D7C6-49A9-AF62-C53513C2FA8C}.RelWithDebInfo|Win32.ActiveCfg = RelWithDebInfo|Win32
		{006CA676-D7C6-49A9-AF62-C53513C2FA8C}.RelWithDebInfo|Win32.Build.0 = RelWithDebInfo|Win32
		{210D7FD6-CFE9-48B8-B9A1-1B689CA6E556}.Debug|Win32.ActiveCfg = Debug|Win32
		{210D7FD6-CFE9-48B8-B9A1-1B689CA6E556}.Debug|Win32.Build.0 = Debug|Win32
		{210D7FD6-CFE9-48B8-B9A1-1B689CA6E556}.Release|Win32.ActiveCfg = Release|Win32
		{210D7FD6-CFE9-48B8-B9A1-1B689CA6E556}.Release|Win32.Build.0 = Release|Win32
		{210D7FD6-CFE9-48B8-B9A1-1B689CA6E556}.MinSizeRel|Win32.ActiveCfg = MinSizeRel|Win32
		{210D7FD6-CFE9-48B8-B9A1-1B689CA6E556}.MinSizeRel|Win32.Build.0 = MinSizeRel|Win32
		{210D7FD6-CFE9-48B8-B9A1-1B689CA6E556}.RelWithDebInfo|Win32.ActiveCfg = RelWithDebInfo|Win32
		{210D7FD6-CFE9-48B8-B9A1-1B689CA6E556}.RelWithDebInfo|Win32.Build.0 = RelWithDebInfo|Win32
		{3EF47C0C-06EF-4D25-BA58-6FB4CEFDBFC6}.Debug|Win32.ActiveCfg = Debug|Win32
		{3EF47C0C-06EF-4D25-BA58-6FB4CEFDBFC6}.Release|Win32.ActiveCfg = Release|Win32
		{3EF47C0C-06EF-4D25-BA58-6FB4CEFDBFC6}.MinSizeRel|Win32.ActiveCfg = MinSizeRel|Win32
		{3EF47C0C-06EF-4D25-BA58-6FB4CEFDBFC6}.RelWithDebInfo|Win32.ActiveCfg = RelWithDebInfo|Win32
		{B032BE95-A2B5-4E61-891A-3345E94069CB}.Debug|Win32.ActiveCfg = Debug|Win32
		{B032BE95-A2B5-4E61-891A-3345E94069CB}.Debug|Win32.Build.0 = Debug|Win32
		{B032BE95-A2B5-4E61-891A-3345E94069CB}.Release|Win32.ActiveCfg = Release|Win32
		{B032BE95-A2B5-4E61-891A-3345E94069CB}.Release|Win32.Build.0 = Release|Win32
		{B032BE95-A2B5-4E61-891A-3345E94069CB}.MinSizeRel|Win32.ActiveCfg = MinSizeRel|Win32
		{B032BE95-A2B5-4E61-891A-3345E94069CB}.MinSizeRel|Win32.Build.0 = MinSizeRel|Win32
		{B032BE95-A2B5-4E61-891A-3345E94069CB}.RelWithDebInfo|Win32.ActiveCfg = RelWithDebInfo|Win32
		{B032BE95-A2B5-4E61-891A-3345E94069CB}.RelWithDebInfo|Win32.Build.0 = RelWithDebInfo|Win32
		{22B3C7E9-25CE-4351-84C8-4FB0A287BD68}.Debug|Win32.ActiveCfg = Debug|Win32
		{22B3C7E9-25CE-4351-84C8-4FB0A287BD68}.Debug|Win32.Build.0 = Debug|Win32
		{22B3C7E9-25CE-4351-84C8-4FB0A287BD68}.Release|Win32.ActiveCfg = Release|Win32
		{22B3C7E9-25CE-4351-84C8-4FB0A287BD68}.Release|Win32.Build.0 = Release|Win32
		{22B3C7E9-25CE-4351-84C8-4FB0A287BD68}.MinSizeRel|Win32.ActiveCfg = MinSizeRel|Win32
		{22B3C7E9-25CE-4351-84C8-4FB0A287BD68}.MinSizeRel|Win32.Build.0 = MinSizeRel|Win32
		{22B3C7E9-25CE-4351-84C8-4FB0A287BD68}.RelWithDebInfo|Win32.ActiveCfg = RelWithDebInfo|Win32
		{22B3C7E9-25CE-4351-84C8-4FB0A287BD68}.RelWithDebInfo|Win32.Build.0 = RelWithDebInfo|Win32
		{805A2E69-DBFD-4932-AED7-9375681D2B63}.Debug|Win32.ActiveCfg = Debug|Win32
		{805A2E69-DBFD-4932-AED7-9375681D2B63}.Debug|Win32.Build.0 = Debug|Win32
		{805A2E69-DBFD-4932-AED7-9375681D2B63}.Release|Win32.ActiveCfg = Release|Win32
		{805A2E69-DBFD-4932-AED7-9375681D2B63}.Release|Win32.Build.0 = Release|Win32
		{805A2E69-DBFD-4932-AED7-9375681D2B63}.MinSizeRel|Win32.ActiveCfg = MinSizeRel|Win32
		{805A2E69-DBFD-4932-AED7-9375681D2B63}.MinSizeRel|Win32.Build.0 = MinSizeRel|Win32
		{805A2E69-DBFD-4932-AED7-9375681D2B63}.RelWithDebInfo|Win32.ActiveCfg = RelWithDebInfo|Win32
		{805A2E69-DBFD-4932-AED7-9375681D2B63}.RelWithDebInfo|Win32.Build.0 = RelWithDebInfo|Win32
		{EF353991-9713-41CB-92C0-D2E4F2E69043}.Debug|Win32.ActiveCfg = Debug|Win32
		{EF353991-9713-41CB-92C0-D2E4F2E69043}.Debug|Win32.Build.0 = Debug|Win32
		{EF353991-9713-41CB-92C0-D2E4F2E69043}.Release|Win32.ActiveCfg = Release|Win32
		{EF353991-9713-41CB-92C0-D2E4F2E69043}.Release|Win32.Build.0 = Release|Win32
		{EF353991-9713-41CB-92C0-D2E4F2E69043}.MinSizeRel|Win32.ActiveCfg = MinSizeRel|Win32
		{EF353991-9713-41CB-92C0-D2E4F2E69043}.MinSizeRel|Win32.Build.0 = MinSizeRel|Win32
		{EF353991-9713-41CB-92C0-D2E4F2E69043}.RelWithDebInfo|Win32.ActiveCfg = RelWithDebInfo|Win32
		{EF353991-9713-41CB-92C0-D2E4F2E69043}.RelWithDebInfo|Win32.Build.0 = RelWithDebInfo|Win32
		{81619448-742C-440A-9656-50D8015946DB}.Debug|Win32.ActiveCfg = Debug|Win32
		{81619448-742C-440A-9656-50D8015946DB}.Debug|Win32.Build.0 = Debug|Win32
		{81619448-742C-440A-9656-50D8015946DB}.Release|Win32.ActiveCfg = Release|Win32
		{81619448-742C-440A-9656-50D8015946DB}.Release|Win32.Build.0 = Release|Win32
		{81619448-742C-440A-9656-50D8015946DB}.MinSizeRel|Win32.ActiveCfg = MinSizeRel|Win32
		{81619448-742C-440A-9656-50D8015946DB}.MinSizeRel|Win32.Build.0 = MinSizeRel|Win32
		{81619448-742C-440A-9656-50D8015946DB}.RelWithDebInfo|Win32.ActiveCfg = RelWithDebInfo|Win32
		{81619448-742C-440A-9656-50D8015946DB}.RelWithDebInfo|Win32.Build.0 = RelWithDebInfo|Win32
		{1608104B-D730-492F-8B38-73AFA6E8C0E6}.Debug|Win32.ActiveCfg = Debug|Win32
		{1608104B-D730-492F-8B38-73AFA6E8C0E6}.Debug|Win32.Build.0 = Debug|Win32
		{1608104B-D730-492F-8B38-73AFA6E8C0E6}.Release|Win32.ActiveCfg = Release|Win32
		{1608104B-D730-492F-8B38-73AFA6E8C0E6}.Release|Win32.Build.0 = Release|Win32
		{1608104B-D730-492F-8B38-73AFA6E8C0E6}.MinSizeRel|Win32.ActiveCfg = MinSizeRel|Win32
		{1608104B-D730-492F-8B38-73AFA6E8C0E6}.MinSizeRel|Win32.Build.0 = MinSizeRel|Win32
		{1608104B-D730-492F-8B38-73AFA6E8C0E6}.RelWithDebInfo|Win32.ActiveCfg = RelWithDebInfo|Win32
		{1608104B-D730-492F-8B38-73AFA6E8C0E6}.RelWithDebInfo|Win32.Build.0 = RelWithDebInfo|Win32
		{BA615E22-2366-4C90-ACAB-C23BAFBEA4CE}.Debug|Win32.ActiveCfg = Debug|Win32
		{BA615E22-2366-4C90-ACAB-C23BAFBEA4CE}.Debug|Win32.Build.0 = Debug|Win32
		{BA615E22-2366-4C90-ACAB-C23BAFBEA4CE}.Release|Win32.ActiveCfg = Release|Win32
		{BA615E22-2366-4C90-ACAB-C23BAFBEA4CE}.Release|Win32.Build.0 = Release|Win32
		{BA615E22-2366-4C90-ACAB-C23BAFBEA4CE}.MinSizeRel|Win32.ActiveCfg = MinSizeRel|Win32
		{BA615E22-2366-4C90-ACAB-C23BAFBEA4CE}.MinSizeRel|Win32.Build.0 = MinSizeRel|Win32
		{BA615E22-2366-4C90-ACAB-C23BAFBEA4CE}.RelWithDebInfo|Win32.ActiveCfg = RelWithDebInfo|Win32
		{BA615E22-2366-4C90-ACAB-C23BAFBEA4CE}.RelWithDebInfo|Win32.Build.0 = RelWithDebInfo|Win32
		{DFD176B5-00D0-4496-A1E5-AFC8CBE85DB1}.Debug|Win32.ActiveCfg = Debug|Win32
		{DFD176B5-00D0-4496-A1E5-AFC8CBE85DB1}.Debug|Win32.Build.0 = Debug|Win32
		{DFD176B5-00D0-4496-A1E5-AFC8CBE85DB1}.Release|Win32.ActiveCfg = Release|Win32
		{DFD176B5-00D0-4496-A1E5-AFC8CBE85DB1}.Release|Win32.Build.0 = Release|Win32
		{DFD176B5-00D0-4496-A1E5-AFC8CBE85DB1}.MinSizeRel|Win32.ActiveCfg = MinSizeRel|Win32
		{DFD176B5-00D0-4496-A1E5-AFC8CBE85DB1}.MinSizeRel|Win32.Build.0 = MinSizeRel|Win32
		{DFD176B5-00D0-4496-A1E5-AFC8CBE85DB1}.RelWithDebInfo|Win32.ActiveCfg = RelWithDebInfo|Win32
		{DFD176B5-00D0-4496-A1E5-AFC8CBE85DB1}.RelWithDebInfo|Win32.Build.0 = RelWithDebInfo|Win32
		{F6666C90-1C4A-406B-BF93-C77FC6B8BB13}.Debug|Win32.ActiveCfg = Debug|Win32
		{F6666C90-1C4A-406B-BF93-C77FC6B8BB13}.Debug|Win32.Build.0 = Debug|Win32
		{F6666C90-1C4A-406B-BF93-C77FC6B8BB13}.Release|Win32.ActiveCfg = Release|Win32
		{F6666C90-1C4A-406B-BF93-C77FC6B8BB13}.Release|Win32.Build.0 = Release|Win32
		{F6666C90-1C4A-406B-BF93-C77FC6B8BB13}.MinSizeRel|Win32.ActiveCfg = MinSizeRel|Win32
		{F6666C90-1C4A-406B-BF93-C77FC6B8BB13}.MinSizeRel|Win32.Build.0 = MinSizeRel|Win32
		{F6666C90-1C4A-406B-BF93-C77FC6B8BB13}.RelWithDebInfo|Win32.ActiveCfg = RelWithDebInfo|Win32
		{F6666C90-1C4A-406B-BF93-C77FC6B8BB13}.RelWithDebInfo|Win32.Build.0 = RelWithDebInfo|Win32
		{CC754AC9-B6E0-4255-9D54-186EB4ADA60C}.Debug|Win32.ActiveCfg = Debug|Win32
		{CC754AC9-B6E0-4255-9D54-186EB4ADA60C}.Debug|Win32.Build.0 = Debug|Win32
		{CC754AC9-B6E0-4255-9D54-186EB4ADA60C}.Release|Win32.ActiveCfg = Release|Win32
		{CC754AC9-B6E0-4255-9D54-186EB4ADA60C}.Release|Win32.Build.0 = Release|Win32
		{CC754AC9-B6E0-4255-9D54-186EB4ADA60C}.MinSizeRel|Win32.ActiveCfg = MinSizeRel|Win32
		{CC754AC9-B6E0-4255-9D54-186EB4ADA60C}.MinSizeRel|Win32.Build.0 = MinSizeRel|Win32
		{CC754AC9-B6E0-4255-9D54-186EB4ADA60C}.RelWithDebInfo|Win32.ActiveCfg = RelWithDebInfo|Win32
		{CC754AC9-B6E0-4255-9D54-186EB4ADA60C}.RelWithDebInfo|Win32.Build.0 = RelWithDebInfo|Win32
		{F494DE4B-4279-4CF3-8BA9-879A0555E098}.Debug|Win32.ActiveCfg = Debug|Win32
		{F494DE4B-4279-4CF3-8BA9-879A0555E098}.Debug|Win32.Build.0 = Debug|Win32
		{F494DE4B-4279-4CF3-8BA9-879A0555E098}.Release|Win32.ActiveCfg = Release|Win32
		{F494DE4B-4279-4CF3-8BA9-879A0555E098}.Release|Win32.Build.0 = Release|Win32
		{F494DE4B-4279-4CF3-8BA9-879A0555E098}.MinSizeRel|Win32.ActiveCfg = MinSizeRel|Win32
		{F494DE4B-4279-4CF3-8BA9-879A0555E098}.MinSizeRel|Win32.Build.0 = MinSizeRel|Win32
		{F494DE4B-4279-4CF3-8BA9-879A0555E098}.RelWithDebInfo|Win32.ActiveCfg = RelWithDebInfo|Win32
		{F494DE4B-4279-4CF3-8BA9-879A0555E098}.RelWithDebInfo|Win32.Build.0 = RelWithDebInfo|Win32
		{09879406-C85D-4301-A8A6-7D7DE82A5F0D}.Debug|Win32.ActiveCfg = Debug|Win32
		{09879406-C85D-4301-A8A6-7D7DE82A5F0D}.Debug|Win32.Build.0 = Debug|Win32
		{09879406-C85D-4301-A8A6-7D7DE82A5F0D}.Release|Win32.ActiveCfg = Release|Win32
		{09879406-C85D-4301-A8A6-7D7DE82A5F0D}.Release|Win32.Build.0 = Release|Win32
		{09879406-C85D-4301-A8A6-7D7DE82A5F0D}.MinSizeRel|Win32.ActiveCfg = MinSizeRel|Win32
		{09879406-C85D-4301-A8A6-7D7DE82A5F0D}.MinSizeRel|Win32.Build.0 = MinSizeRel|Win32
		{09879406-C85D-4301-A8A6-7D7DE82A5F0D}.RelWithDebInfo|Win32.ActiveCfg = RelWithDebInfo|Win32
		{09879406-C85D-4301-A8A6-7D7DE82A5F0D}.RelWithDebInfo|Win32.Build.0 = RelWithDebInfo|Win32
		{798D8B6B-7EE0-4438-95AC-F24A83202AEF}.Debug|Win32.ActiveCfg = Debug|Win32
		{798D8B6B-7EE0-4438-95AC-F24A83202AEF}.Debug|Win32.Build.0 = Debug|Win32
		{798D8B6B-7EE0-4438-95AC-F24A83202AEF}.Release|Win32.ActiveCfg = Release|Win32
		{798D8B6B-7EE0-4438-95AC-F24A83202AEF}.Release|Win32.Build.0 = Release|Win32
		{798D8B6B-7EE0-4438-95AC-F24A83202AEF}.MinSizeRel|Win32.ActiveCfg = MinSizeRel|Win32
		{798D8B6B-7EE0-4438-95AC-F24A83202AEF}.MinSizeRel|Win32.Build.0 = MinSizeRel|Win32
		{798D8B6B-7EE0-4438-95AC-F24A83202AEF}.RelWithDebInfo|Win32.ActiveCfg = RelWithDebInfo|Win32
		{798D8B6B-7EE0-4438-95AC-F24A83202AEF}.RelWithDebInfo|Win32.Build.0 = RelWithDebInfo|Win32
		{9A698C1E-AA1A-4850-910E-CCEF4063368D}.Debug|Win32.ActiveCfg = Debug|Win32
		{9A698C1E-AA1A-4850-910E-CCEF4063368D}.Debug|Win32.Build.0 = Debug|Win32
		{9A698C1E-AA1A-4850-910E-CCEF4063368D}.Release|Win32.ActiveCfg = Release|Win32
		{9A698C1E-AA1A-4850-910E-CCEF4063368D}.Release|Win32.Build.0 = Release|Win32
		{9A698C1E-AA1A-4850-910E-CCEF4063368D}.MinSizeRel|Win32.ActiveCfg = MinSizeRel|Win32
		{9A698C1E-AA1A-4850-910E-CCEF4063368D}.MinSizeRel|Win32.Build.0 = MinSizeRel|Win32
		{9A698C1E-AA1A-4850-910E-CCEF4063368D}.RelWithDebInfo|Win32.ActiveCfg = RelWithDebInfo|Win32
		{9A698C1E-AA1A-4850-910E-CCEF4063368D}.RelWithDebInfo|Win32.Build.0 = RelWithDebInfo|Win32
		{C9F35660-EE34-4A03-8390-CBEF907D88BD}.Debug|Win32.ActiveCfg = Debug|Win32
		{C9F35660-EE34-4A03-8390-CBEF907D88BD}.Debug|Win32.Build.0 = Debug|Win32
		{C9F35660-EE34-4A03-8390-CBEF907D88BD}.Release|Win32.ActiveCfg = Release|Win32
		{C9F35660-EE34-4A03-8390-CBEF907D88BD}.Release|Win32.Build.0 = Release|Win32
		{C9F35660-EE34-4A03-8390-CBEF907D88BD}.MinSizeRel|Win32.ActiveCfg = MinSizeRel|Win32
		{C9F35660-EE34-4A03-8390-CBEF907D88BD}.MinSizeRel|Win32.Build.0 = MinSizeRel|Win32
		{C9F35660-EE34-4A03-8390-CBEF907D88BD}.RelWithDebInfo|Win32.ActiveCfg = RelWithDebInfo|Win32
		{C9F35660-EE34-4A03-8390-CBEF907D88BD}.RelWithDebInfo|Win32.Build.0 = RelWithDebInfo|Win32
		{35741687-CA8E-450E-AB92-A73C57C5D726}.Debug|Win32.ActiveCfg = Debug|Win32
		{35741687-CA8E-450E-AB92-A73C57C5D726}.Debug|Win32.Build.0 = Debug|Win32
		{35741687-CA8E-450E-AB92-A73C57C5D726}.Release|Win32.ActiveCfg = Release|Win32
		{35741687-CA8E-450E-AB92-A73C57C5D726}.Release|Win32.Build.0 = Release|Win32
		{35741687-CA8E-450E-AB92-A73C57C5D726}.MinSizeRel|Win32.ActiveCfg = MinSizeRel|Win32
		{35741687-CA8E-450E-AB92-A73C57C5D726}.MinSizeRel|Win32.Build.0 = MinSizeRel|Win32
		{35741687-CA8E-450E-AB92-A73C57C5D726}.RelWithDebInfo|Win32.ActiveCfg = RelWithDebInfo|Win32
		{35741687-CA8E-450E-AB92-A73C57C5D726}.RelWithDebInfo|Win32.Build.0 = RelWithDebInfo|Win32
		{AACD8221-75C8-45CF-B7CB-E7275046FB48}.Debug|Win32.ActiveCfg = Debug|Win32
		{AACD8221-75C8-45CF-B7CB-E7275046FB48}.Debug|Win32.Build.0 = Debug|Win32
		{AACD8221-75C8-45CF-B7CB-E7275046FB48}.Release|Win32.ActiveCfg = Release|Win32
		{AACD8221-75C8-45CF-B7CB-E7275046FB48}.Release|Win32.Build.0 = Release|Win32
		{AACD8221-75C8-45CF-B7CB-E7275046FB48}.MinSizeRel|Win32.ActiveCfg = MinSizeRel|Win32
		{AACD8221-75C8-45CF-B7CB-E7275046FB48}.MinSizeRel|Win32.Build.0 = MinSizeRel|Win32
		{AACD8221-75C8-45CF-B7CB-E7275046FB48}.RelWithDebInfo|Win32.ActiveCfg = RelWithDebInfo|Win32
		{AACD8221-75C8-45CF-B7CB-E7275046FB48}.RelWithDebInfo|Win32.Build.0 = RelWithDebInfo|Win32
		{CEEEA4B6-64D3-4283-A1E5-3B0B6694DFDB}.Debug|Win32.ActiveCfg = Debug|Win32
		{CEEEA4B6-64D3-4283-A1E5-3B0B6694DFDB}.Debug|Win32.Build.0 = Debug|Win32
		{CEEEA4B6-64D3-4283-A1E5-3B0B6694DFDB}.Release|Win32.ActiveCfg = Release|Win32
		{CEEEA4B6-64D3-4283-A1E5-3B0B6694DFDB}.Release|Win32.Build.0 = Release|Win32
		{CEEEA4B6-64D3-4283-A1E5-3B0B6694DFDB}.MinSizeRel|Win32.ActiveCfg = MinSizeRel|Win32
		{CEEEA4B6-64D3-4283-A1E5-3B0B6694DFDB}.MinSizeRel|Win32.Build.0 = MinSizeRel|Win32
		{CEEEA4B6-64D3-4283-A1E5-3B0B6694DFDB}.RelWithDebInfo|Win32.ActiveCfg = RelWithDebInfo|Win32
		{CEEEA4B6-64D3-4283-A1E5-3B0B6694DFDB}.RelWithDebInfo|Win32.Build.0 = RelWithDebInfo|Win32
		{5B052CE9-1F0E-46DD-88A6-1B9F082D2C1E}.Debug|Win32.ActiveCfg = Debug|Win32
		{5B052CE9-1F0E-46DD-88A6-1B9F082D2C1E}.Debug|Win32.Build.0 = Debug|Win32
		{5B052CE9-1F0E-46DD-88A6-1B9F082D2C1E}.Release|Win32.ActiveCfg = Release|Win32
		{5B052CE9-1F0E-46DD-88A6-1B9F082D2C1E}.Release|Win32.Build.0 = Release|Win32
		{5B052CE9-1F0E-46DD-88A6-1B9F082D2C1E}.MinSizeRel|Win32.ActiveCfg = MinSizeRel|Win32
		{5B052CE9-1F0E-46DD-88A6-1B9F082D2C1E}.MinSizeRel|Win32.Build.0 = MinSizeRel|Win32
		{5B052CE9-1F0E-46DD-88A6-1B9F082D2C1E}.RelWithDebInfo|Win32.ActiveCfg = RelWithDebInfo|Win32
		{5B052CE9-1F0E-46DD-88A6-1B9F082D2C1E}.RelWithDebInfo|Win32.Build.0 = RelWithDebInfo|Win32
		{6AEDF4E8-5142-4455-90A7-6EE5AA755B41}.Debug|Win32.ActiveCfg = Debug|Win32
		{6AEDF4E8-5142-4455-90A7-6EE5AA755B41}.Debug|Win32.Build.0 = Debug|Win32
		{6AEDF4E8-5142-4455-90A7-6EE5AA755B41}.Release|Win32.ActiveCfg = Release|Win32
		{6AEDF4E8-5142-4455-90A7-6EE5AA755B41}.Release|Win32.Build.0 = Release|Win32
		{6AEDF4E8-5142-4455-90A7-6EE5AA755B41}.MinSizeRel|Win32.ActiveCfg = MinSizeRel|Win32
		{6AEDF4E8-5142-4455-90A7-6EE5AA755B41}.MinSizeRel|Win32.Build.0 = MinSizeRel|Win32
		{6AEDF4E8-5142-4455-90A7-6EE5AA755B41}.RelWithDebInfo|Win32.ActiveCfg = RelWithDebInfo|Win32
		{6AEDF4E8-5142-4455-90A7-6EE5AA755B41}.RelWithDebInfo|Win32.Build.0 = RelWithDebInfo|Win32
		{B0A626EF-AAFF-4880-BB94-2826CCC129F5}.Debug|Win32.ActiveCfg = Debug|Win32
		{B0A626EF-AAFF-4880-BB94-2826CCC129F5}.Debug|Win32.Build.0 = Debug|Win32
		{B0A626EF-AAFF-4880-BB94-2826CCC129F5}.Release|Win32.ActiveCfg = Release|Win32
		{B0A626EF-AAFF-4880-BB94-2826CCC129F5}.Release|Win32.Build.0 = Release|Win32
		{B0A626EF-AAFF-4880-BB94-2826CCC129F5}.MinSizeRel|Win32.ActiveCfg = MinSizeRel|Win32
		{B0A626EF-AAFF-4880-BB94-2826CCC129F5}.MinSizeRel|Win32.Build.0 = MinSizeRel|Win32
		{B0A626EF-AAFF-4880-BB94-2826CCC129F5}.RelWithDebInfo|Win32.ActiveCfg = RelWithDebInfo|Win32
		{B0A626EF-AAFF-4880-BB94-2826CCC129F5}.RelWithDebInfo|Win32.Build.0 = RelWithDebInfo|Win32
		{49870AB2-99D6-405C-AA13-C4663ECE1553}.Debug|Win32.ActiveCfg = Debug|Win32
		{49870AB2-99D6-405C-AA13-C4663ECE1553}.Debug|Win32.Build.0 = Debug|Win32
		{49870AB2-99D6-405C-AA13-C4663ECE1553}.Release|Win32.ActiveCfg = Release|Win32
		{49870AB2-99D6-405C-AA13-C4663ECE1553}.Release|Win32.Build.0 = Release|Win32
		{49870AB2-99D6-405C-AA13-C4663ECE1553}.MinSizeRel|Win32.ActiveCfg = MinSizeRel|Win32
		{49870AB2-99D6-405C-AA13-C4663ECE1553}.MinSizeRel|Win32.Build.0 = MinSizeRel|Win32
		{49870AB2-99D6-405C-AA13-C4663ECE1553}.RelWithDebInfo|Win32.ActiveCfg = RelWithDebInfo|Win32
		{49870AB2-99D6-405C-AA13-C4663ECE1553}.RelWithDebInfo|Win32.Build.0 = RelWithDebInfo|Win32
		{9FC83D71-161E-44F9-AA2E-4B39FD1B05B6}.Debug|Win32.ActiveCfg = Debug|Win32
		{9FC83D71-161E-44F9-AA2E-4B39FD1B05B6}.Debug|Win32.Build.0 = Debug|Win32
		{9FC83D71-161E-44F9-AA2E-4B39FD1B05B6}.Release|Win32.ActiveCfg = Release|Win32
		{9FC83D71-161E-44F9-AA2E-4B39FD1B05B6}.Release|Win32.Build.0 = Release|Win32
		{9FC83D71-161E-44F9-AA2E-4B39FD1B05B6}.MinSizeRel|Win32.ActiveCfg = MinSizeRel|Win32
		{9FC83D71-161E-44F9-AA2E-4B39FD1B05B6}.MinSizeRel|Win32.Build.0 = MinSizeRel|Win32
		{9FC83D71-161E-44F9-AA2E-4B39FD1B05B6}.RelWithDebInfo|Win32.ActiveCfg = RelWithDebInfo|Win32
		{9FC83D71-161E-44F9-AA2E-4B39FD1B05B6}.RelWithDebInfo|Win32.Build.0 = RelWithDebInfo|Win32
		{0F365699-B65F-4661-8389-3CA7420FFADA}.Debug|Win32.ActiveCfg = Debug|Win32
		{0F365699-B65F-4661-8389-3CA7420FFADA}.Debug|Win32.Build.0 = Debug|Win32
		{0F365699-B65F-4661-8389-3CA7420FFADA}.Release|Win32.ActiveCfg = Release|Win32
		{0F365699-B65F-4661-8389-3CA7420FFADA}.Release|Win32.Build.0 = Release|Win32
		{0F365699-B65F-4661-8389-3CA7420FFADA}.MinSizeRel|Win32.ActiveCfg = MinSizeRel|Win32
		{0F365699-B65F-4661-8389-3CA7420FFADA}.MinSizeRel|Win32.Build.0 = MinSizeRel|Win32
		{0F365699-B65F-4661-8389-3CA7420FFADA}.RelWithDebInfo|Win32.ActiveCfg = RelWithDebInfo|Win32
		{0F365699-B65F-4661-8389-3CA7420FFADA}.RelWithDebInfo|Win32.Build.0 = RelWithDebInfo|Win32
		{86ADF059-3F14-4B22-A501-A1E8702CCFC3}.Debug|Win32.ActiveCfg = Debug|Win32
		{86ADF059-3F14-4B22-A501-A1E8702CCFC3}.Debug|Win32.Build.0 = Debug|Win32
		{86ADF059-3F14-4B22-A501-A1E8702CCFC3}.Release|Win32.ActiveCfg = Release|Win32
		{86ADF059-3F14-4B22-A501-A1E8702CCFC3}.Release|Win32.Build.0 = Release|Win32
		{86ADF059-3F14-4B22-A501-A1E8702CCFC3}.MinSizeRel|Win32.ActiveCfg = MinSizeRel|Win32
		{86ADF059-3F14-4B22-A501-A1E8702CCFC3}.MinSizeRel|Win32.Build.0 = MinSizeRel|Win32
		{86ADF059-3F14-4B22-A501-A1E8702CCFC3}.RelWithDebInfo|Win32.ActiveCfg = RelWithDebInfo|Win32
		{86ADF059-3F14-4B22-A501-A1E8702CCFC3}.RelWithDebInfo|Win32.Build.0 = RelWithDebInfo|Win32
		{C55603BF-B1F1-4D86-B867-04A6222E8962}.Debug|Win32.ActiveCfg = Debug|Win32
		{C55603BF-B1F1-4D86-B867-04A6222E8962}.Debug|Win32.Build.0 = Debug|Win32
		{C55603BF-B1F1-4D86-B867-04A6222E8962}.Release|Win32.ActiveCfg = Release|Win32
		{C55603BF-B1F1-4D86-B867-04A6222E8962}.Release|Win32.Build.0 = Release|Win32
		{C55603BF-B1F1-4D86-B867-04A6222E8962}.MinSizeRel|Win32.ActiveCfg = MinSizeRel|Win32
		{C55603BF-B1F1-4D86-B867-04A6222E8962}.MinSizeRel|Win32.Build.0 = MinSizeRel|Win32
		{C55603BF-B1F1-4D86-B867-04A6222E8962}.RelWithDebInfo|Win32.ActiveCfg = RelWithDebInfo|Win32
		{C55603BF-B1F1-4D86-B867-04A6222E8962}.RelWithDebInfo|Win32.Build.0 = RelWithDebInfo|Win32
		{FD13CECB-EA01-4CDE-8B27-F0F0D0A16126}.Debug|Win32.ActiveCfg = Debug|Win32
		{FD13CECB-EA01-4CDE-8B27-F0F0D0A16126}.Debug|Win32.Build.0 = Debug|Win32
		{FD13CECB-EA01-4CDE-8B27-F0F0D0A16126}.Release|Win32.ActiveCfg = Release|Win32
		{FD13CECB-EA01-4CDE-8B27-F0F0D0A16126}.Release|Win32.Build.0 = Release|Win32
		{FD13CECB-EA01-4CDE-8B27-F0F0D0A16126}.MinSizeRel|Win32.ActiveCfg = MinSizeRel|Win32
		{FD13CECB-EA01-4CDE-8B27-F0F0D0A16126}.MinSizeRel|Win32.Build.0 = MinSizeRel|Win32
		{FD13CECB-EA01-4CDE-8B27-F0F0D0A16126}.RelWithDebInfo|Win32.ActiveCfg = RelWithDebInfo|Win32
		{FD13CECB-EA01-4CDE-8B27-F0F0D0A16126}.RelWithDebInfo|Win32.Build.0 = RelWithDebInfo|Win32
		{17B53A60-FAFA-49B6-AA66-FC96742C30AC}.Debug|Win32.ActiveCfg = Debug|Win32
		{17B53A60-FAFA-49B6-AA66-FC96742C30AC}.Debug|Win32.Build.0 = Debug|Win32
		{17B53A60-FAFA-49B6-AA66-FC96742C30AC}.Release|Win32.ActiveCfg = Release|Win32
		{17B53A60-FAFA-49B6-AA66-FC96742C30AC}.Release|Win32.Build.0 = Release|Win32
		{17B53A60-FAFA-49B6-AA66-FC96742C30AC}.MinSizeRel|Win32.ActiveCfg = MinSizeRel|Win32
		{17B53A60-FAFA-49B6-AA66-FC96742C30AC}.MinSizeRel|Win32.Build.0 = MinSizeRel|Win32
		{17B53A60-FAFA-49B6-AA66-FC96742C30AC}.RelWithDebInfo|Win32.ActiveCfg = RelWithDebInfo|Win32
		{17B53A60-FAFA-49B6-AA66-FC96742C30AC}.RelWithDebInfo|Win32.Build.0 = RelWithDebInfo|Win32
		{EB90107F-0C64-47C7-9583-6A5CE688941C}.Debug|Win32.ActiveCfg = Debug|Win32
		{EB90107F-0C64-47C7-9583-6A5CE688941C}.Debug|Win32.Build.0 = Debug|Win32
		{EB90107F-0C64-47C7-9583-6A5CE688941C}.Release|Win32.ActiveCfg = Release|Win32
		{EB90107F-0C64-47C7-9583-6A5CE688941C}.Release|Win32.Build.0 = Release|Win32
		{EB90107F-0C64-47C7-9583-6A5CE688941C}.MinSizeRel|Win32.ActiveCfg = MinSizeRel|Win32
		{EB90107F-0C64-47C7-9583-6A5CE688941C}.MinSizeRel|Win32.Build.0 = MinSizeRel|Win32
		{EB90107F-0C64-47C7-9583-6A5CE688941C}.RelWithDebInfo|Win32.ActiveCfg = RelWithDebInfo|Win32
		{EB90107F-0C64-47C7-9583-6A5CE688941C}.RelWithDebInfo|Win32.Build.0 = RelWithDebInfo|Win32
		{91B7579B-09B7-4860-99D7-6D406E705D11}.Debug|Win32.ActiveCfg = Debug|Win32
		{91B7579B-09B7-4860-99D7-6D406E705D11}.Debug|Win32.Build.0 = Debug|Win32
		{91B7579B-09B7-4860-99D7-6D406E705D11}.Release|Win32.ActiveCfg = Release|Win32
		{91B7579B-09B7-4860-99D7-6D406E705D11}.Release|Win32.Build.0 = Release|Win32
		{91B7579B-09B7-4860-99D7-6D406E705D11}.MinSizeRel|Win32.ActiveCfg = MinSizeRel|Win32
		{91B7579B-09B7-4860-99D7-6D406E705D11}.MinSizeRel|Win32.Build.0 = MinSizeRel|Win32
		{91B7579B-09B7-4860-99D7-6D406E705D11}.RelWithDebInfo|Win32.ActiveCfg = RelWithDebInfo|Win32
		{91B7579B-09B7-4860-99D7-6D406E705D11}.RelWithDebInfo|Win32.Build.0 = RelWithDebInfo|Win32
		{CE2CFEE4-2B79-4F20-B171-10831FB8EB64}.Debug|Win32.ActiveCfg = Debug|Win32
		{CE2CFEE4-2B79-4F20-B171-10831FB8EB64}.Debug|Win32.Build.0 = Debug|Win32
		{CE2CFEE4-2B79-4F20-B171-10831FB8EB64}.Release|Win32.ActiveCfg = Release|Win32
		{CE2CFEE4-2B79-4F20-B171-10831FB8EB64}.Release|Win32.Build.0 = Release|Win32
		{CE2CFEE4-2B79-4F20-B171-10831FB8EB64}.MinSizeRel|Win32.ActiveCfg = MinSizeRel|Win32
		{CE2CFEE4-2B79-4F20-B171-10831FB8EB64}.MinSizeRel|Win32.Build.0 = MinSizeRel|Win32
		{CE2CFEE4-2B79-4F20-B171-10831FB8EB64}.RelWithDebInfo|Win32.ActiveCfg = RelWithDebInfo|Win32
		{CE2CFEE4-2B79-4F20-B171-10831FB8EB64}.RelWithDebInfo|Win32.Build.0 = RelWithDebInfo|Win32
		{ECD04446-499D-4AA7-A882-F0D1E268A27B}.Debug|Win32.ActiveCfg = Debug|Win32
		{ECD04446-499D-4AA7-A882-F0D1E268A27B}.Debug|Win32.Build.0 = Debug|Win32
		{ECD04446-499D-4AA7-A882-F0D1E268A27B}.Release|Win32.ActiveCfg = Release|Win32
		{ECD04446-499D-4AA7-A882-F0D1E268A27B}.Release|Win32.Build.0 = Release|Win32
		{ECD04446-499D-4AA7-A882-F0D1E268A27B}.MinSizeRel|Win32.ActiveCfg = MinSizeRel|Win32
		{ECD04446-499D-4AA7-A882-F0D1E268A27B}.MinSizeRel|Win32.Build.0 = MinSizeRel|Win32
		{ECD04446-499D-4AA7-A882-F0D1E268A27B}.RelWithDebInfo|Win32.ActiveCfg = RelWithDebInfo|Win32
		{ECD04446-499D-4AA7-A882-F0D1E268A27B}.RelWithDebInfo|Win32.Build.0 = RelWithDebInfo|Win32
		{EC2C5C68-8C2D-44F7-A4AE-B82C8E02B122}.Debug|Win32.ActiveCfg = Debug|Win32
		{EC2C5C68-8C2D-44F7-A4AE-B82C8E02B122}.Debug|Win32.Build.0 = Debug|Win32
		{EC2C5C68-8C2D-44F7-A4AE-B82C8E02B122}.Release|Win32.ActiveCfg = Release|Win32
		{EC2C5C68-8C2D-44F7-A4AE-B82C8E02B122}.Release|Win32.Build.0 = Release|Win32
		{EC2C5C68-8C2D-44F7-A4AE-B82C8E02B122}.MinSizeRel|Win32.ActiveCfg = MinSizeRel|Win32
		{EC2C5C68-8C2D-44F7-A4AE-B82C8E02B122}.MinSizeRel|Win32.Build.0 = MinSizeRel|Win32
		{EC2C5C68-8C2D-44F7-A4AE-B82C8E02B122}.RelWithDebInfo|Win32.ActiveCfg = RelWithDebInfo|Win32
		{EC2C5C68-8C2D-44F7-A4AE-B82C8E02B122}.RelWithDebInfo|Win32.Build.0 = RelWithDebInfo|Win32
		{21EF68BA-ABD3-4A3B-8881-E6B9A56C51F6}.Debug|Win32.ActiveCfg = Debug|Win32
		{21EF68BA-ABD3-4A3B-8881-E6B9A56C51F6}.Debug|Win32.Build.0 = Debug|Win32
		{21EF68BA-ABD3-4A3B-8881-E6B9A56C51F6}.Release|Win32.ActiveCfg = Release|Win32
		{21EF68BA-ABD3-4A3B-8881-E6B9A56C51F6}.Release|Win32.Build.0 = Release|Win32
		{21EF68BA-ABD3-4A3B-8881-E6B9A56C51F6}.MinSizeRel|Win32.ActiveCfg = MinSizeRel|Win32
		{21EF68BA-ABD3-4A3B-8881-E6B9A56C51F6}.MinSizeRel|Win32.Build.0 = MinSizeRel|Win32
		{21EF68BA-ABD3-4A3B-8881-E6B9A56C51F6}.RelWithDebInfo|Win32.ActiveCfg = RelWithDebInfo|Win32
		{21EF68BA-ABD3-4A3B-8881-E6B9A56C51F6}.RelWithDebInfo|Win32.Build.0 = RelWithDebInfo|Win32
		{202C1290-7351-412A-BC9D-60F81A0CEABB}.Debug|Win32.ActiveCfg = Debug|Win32
		{202C1290-7351-412A-BC9D-60F81A0CEABB}.Debug|Win32.Build.0 = Debug|Win32
		{202C1290-7351-412A-BC9D-60F81A0CEABB}.Release|Win32.ActiveCfg = Release|Win32
		{202C1290-7351-412A-BC9D-60F81A0CEABB}.Release|Win32.Build.0 = Release|Win32
		{202C1290-7351-412A-BC9D-60F81A0CEABB}.MinSizeRel|Win32.ActiveCfg = MinSizeRel|Win32
		{202C1290-7351-412A-BC9D-60F81A0CEABB}.MinSizeRel|Win32.Build.0 = MinSizeRel|Win32
		{202C1290-7351-412A-BC9D-60F81A0CEABB}.RelWithDebInfo|Win32.ActiveCfg = RelWithDebInfo|Win32
		{202C1290-7351-412A-BC9D-60F81A0CEABB}.RelWithDebInfo|Win32.Build.0 = RelWithDebInfo|Win32
		{2E5D4730-3DEC-4E6E-B39E-2D2393A263B9}.Debug|Win32.ActiveCfg = Debug|Win32
		{2E5D4730-3DEC-4E6E-B39E-2D2393A263B9}.Debug|Win32.Build.0 = Debug|Win32
		{2E5D4730-3DEC-4E6E-B39E-2D2393A263B9}.Release|Win32.ActiveCfg = Release|Win32
		{2E5D4730-3DEC-4E6E-B39E-2D2393A263B9}.Release|Win32.Build.0 = Release|Win32
		{2E5D4730-3DEC-4E6E-B39E-2D2393A263B9}.MinSizeRel|Win32.ActiveCfg = MinSizeRel|Win32
		{2E5D4730-3DEC-4E6E-B39E-2D2393A263B9}.MinSizeRel|Win32.Build.0 = MinSizeRel|Win32
		{2E5D4730-3DEC-4E6E-B39E-2D2393A263B9}.RelWithDebInfo|Win32.ActiveCfg = RelWithDebInfo|Win32
		{2E5D4730-3DEC-4E6E-B39E-2D2393A263B9}.RelWithDebInfo|Win32.Build.0 = RelWithDebInfo|Win32
		{E4244023-B7E1-4BD2-A106-A83A27F16AE6}.Debug|Win32.ActiveCfg = Debug|Win32
		{E4244023-B7E1-4BD2-A106-A83A27F16AE6}.Debug|Win32.Build.0 = Debug|Win32
		{E4244023-B7E1-4BD2-A106-A83A27F16AE6}.Release|Win32.ActiveCfg = Release|Win32
		{E4244023-B7E1-4BD2-A106-A83A27F16AE6}.Release|Win32.Build.0 = Release|Win32
		{E4244023-B7E1-4BD2-A106-A83A27F16AE6}.MinSizeRel|Win32.ActiveCfg = MinSizeRel|Win32
		{E4244023-B7E1-4BD2-A106-A83A27F16AE6}.MinSizeRel|Win32.Build.0 = MinSizeRel|Win32
		{E4244023-B7E1-4BD2-A106-A83A27F16AE6}.RelWithDebInfo|Win32.ActiveCfg = RelWithDebInfo|Win32
		{E4244023-B7E1-4BD2-A106-A83A27F16AE6}.RelWithDebInfo|Win32.Build.0 = RelWithDebInfo|Win32
		{044D3AD0-EE30-488A-96B4-31EE2234F90C}.Debug|Win32.ActiveCfg = Debug|Win32
		{044D3AD0-EE30-488A-96B4-31EE2234F90C}.Debug|Win32.Build.0 = Debug|Win32
		{044D3AD0-EE30-488A-96B4-31EE2234F90C}.Release|Win32.ActiveCfg = Release|Win32
		{044D3AD0-EE30-488A-96B4-31EE2234F90C}.Release|Win32.Build.0 = Release|Win32
		{044D3AD0-EE30-488A-96B4-31EE2234F90C}.MinSizeRel|Win32.ActiveCfg = MinSizeRel|Win32
		{044D3AD0-EE30-488A-96B4-31EE2234F90C}.MinSizeRel|Win32.Build.0 = MinSizeRel|Win32
		{044D3AD0-EE30-488A-96B4-31EE2234F90C}.RelWithDebInfo|Win32.ActiveCfg = RelWithDebInfo|Win32
		{044D3AD0-EE30-488A-96B4-31EE2234F90C}.RelWithDebInfo|Win32.Build.0 = RelWithDebInfo|Win32
		{3D5E7A3A-B96A-41A7-97FE-C34540E1C043}.Debug|Win32.ActiveCfg = Debug|Win32
		{3D5E7A3A-B96A-41A7-97FE-C34540E1C043}.Debug|Win32.Build.0 = Debug|Win32
		{3D5E7A3A-B96A-41A7-97FE-C34540E1C043}.Release|Win32.ActiveCfg = Release|Win32
		{3D5E7A3A-B96A-41A7-97FE-C34540E1C043}.Release|Win32.Build.0 = Release|Win32
		{3D5E7A3A-B96A-41A7-97FE-C34540E1C043}.MinSizeRel|Win32.ActiveCfg = MinSizeRel|Win32
		{3D5E7A3A-B96A-41A7-97FE-C34540E1C043}.MinSizeRel|Win32.Build.0 = MinSizeRel|Win32
		{3D5E7A3A-B96A-41A7-97FE-C34540E1C043}.RelWithDebInfo|Win32.ActiveCfg = RelWithDebInfo|Win32
		{3D5E7A3A-B96A-41A7-97FE-C34540E1C043}.RelWithDebInfo|Win32.Build.0 = RelWithDebInfo|Win32
		{F9E3D75C-7718-4FD2-90C6-500F864B1559}.Debug|Win32.ActiveCfg = Debug|Win32
		{F9E3D75C-7718-4FD2-90C6-500F864B1559}.Release|Win32.ActiveCfg = Release|Win32
		{F9E3D75C-7718-4FD2-90C6-500F864B1559}.MinSizeRel|Win32.ActiveCfg = MinSizeRel|Win32
		{F9E3D75C-7718-4FD2-90C6-500F864B1559}.RelWithDebInfo|Win32.ActiveCfg = RelWithDebInfo|Win32
		{B7F25832-9C6E-402C-BF30-0CB2E2781BB7}.Debug|Win32.ActiveCfg = Debug|Win32
		{B7F25832-9C6E-402C-BF30-0CB2E2781BB7}.Debug|Win32.Build.0 = Debug|Win32
		{B7F25832-9C6E-402C-BF30-0CB2E2781BB7}.Release|Win32.ActiveCfg = Release|Win32
		{B7F25832-9C6E-402C-BF30-0CB2E2781BB7}.Release|Win32.Build.0 = Release|Win32
		{B7F25832-9C6E-402C-BF30-0CB2E2781BB7}.MinSizeRel|Win32.ActiveCfg = MinSizeRel|Win32
		{B7F25832-9C6E-402C-BF30-0CB2E2781BB7}.MinSizeRel|Win32.Build.0 = MinSizeRel|Win32
		{B7F25832-9C6E-402C-BF30-0CB2E2781BB7}.RelWithDebInfo|Win32.ActiveCfg = RelWithDebInfo|Win32
		{B7F25832-9C6E-402C-BF30-0CB2E2781BB7}.RelWithDebInfo|Win32.Build.0 = RelWithDebInfo|Win32
		{82DE2708-03B3-4F29-A747-76A370A4A629}.Debug|Win32.ActiveCfg = Debug|Win32
		{82DE2708-03B3-4F29-A747-76A370A4A629}.Debug|Win32.Build.0 = Debug|Win32
		{82DE2708-03B3-4F29-A747-76A370A4A629}.Release|Win32.ActiveCfg = Release|Win32
		{82DE2708-03B3-4F29-A747-76A370A4A629}.Release|Win32.Build.0 = Release|Win32
		{82DE2708-03B3-4F29-A747-76A370A4A629}.MinSizeRel|Win32.ActiveCfg = MinSizeRel|Win32
		{82DE2708-03B3-4F29-A747-76A370A4A629}.MinSizeRel|Win32.Build.0 = MinSizeRel|Win32
		{82DE2708-03B3-4F29-A747-76A370A4A629}.RelWithDebInfo|Win32.ActiveCfg = RelWithDebInfo|Win32
		{82DE2708-03B3-4F29-A747-76A370A4A629}.RelWithDebInfo|Win32.Build.0 = RelWithDebInfo|Win32
		{135B901B-4477-40B9-8DDD-E3FB474AFDA3}.Debug|Win32.ActiveCfg = Debug|Win32
		{135B901B-4477-40B9-8DDD-E3FB474AFDA3}.Debug|Win32.Build.0 = Debug|Win32
		{135B901B-4477-40B9-8DDD-E3FB474AFDA3}.Release|Win32.ActiveCfg = Release|Win32
		{135B901B-4477-40B9-8DDD-E3FB474AFDA3}.Release|Win32.Build.0 = Release|Win32
		{135B901B-4477-40B9-8DDD-E3FB474AFDA3}.MinSizeRel|Win32.ActiveCfg = MinSizeRel|Win32
		{135B901B-4477-40B9-8DDD-E3FB474AFDA3}.MinSizeRel|Win32.Build.0 = MinSizeRel|Win32
		{135B901B-4477-40B9-8DDD-E3FB474AFDA3}.RelWithDebInfo|Win32.ActiveCfg = RelWithDebInfo|Win32
		{135B901B-4477-40B9-8DDD-E3FB474AFDA3}.RelWithDebInfo|Win32.Build.0 = RelWithDebInfo|Win32
		{ED372B6E-7B7A-4C67-BBEC-14403E2864F5}.Debug|Win32.ActiveCfg = Debug|Win32
		{ED372B6E-7B7A-4C67-BBEC-14403E2864F5}.Debug|Win32.Build.0 = Debug|Win32
		{ED372B6E-7B7A-4C67-BBEC-14403E2864F5}.Release|Win32.ActiveCfg = Release|Win32
		{ED372B6E-7B7A-4C67-BBEC-14403E2864F5}.Release|Win32.Build.0 = Release|Win32
		{ED372B6E-7B7A-4C67-BBEC-14403E2864F5}.MinSizeRel|Win32.ActiveCfg = MinSizeRel|Win32
		{ED372B6E-7B7A-4C67-BBEC-14403E2864F5}.MinSizeRel|Win32.Build.0 = MinSizeRel|Win32
		{ED372B6E-7B7A-4C67-BBEC-14403E2864F5}.RelWithDebInfo|Win32.ActiveCfg = RelWithDebInfo|Win32
		{ED372B6E-7B7A-4C67-BBEC-14403E2864F5}.RelWithDebInfo|Win32.Build.0 = RelWithDebInfo|Win32
		{0A763D96-96AF-4487-99AC-5523F89BE705}.Debug|Win32.ActiveCfg = Debug|Win32
		{0A763D96-96AF-4487-99AC-5523F89BE705}.Debug|Win32.Build.0 = Debug|Win32
		{0A763D96-96AF-4487-99AC-5523F89BE705}.Release|Win32.ActiveCfg = Release|Win32
		{0A763D96-96AF-4487-99AC-5523F89BE705}.Release|Win32.Build.0 = Release|Win32
		{0A763D96-96AF-4487-99AC-5523F89BE705}.MinSizeRel|Win32.ActiveCfg = MinSizeRel|Win32
		{0A763D96-96AF-4487-99AC-5523F89BE705}.MinSizeRel|Win32.Build.0 = MinSizeRel|Win32
		{0A763D96-96AF-4487-99AC-5523F89BE705}.RelWithDebInfo|Win32.ActiveCfg = RelWithDebInfo|Win32
		{0A763D96-96AF-4487-99AC-5523F89BE705}.RelWithDebInfo|Win32.Build.0 = RelWithDebInfo|Win32
		{313C8571-3AE4-439C-93BE-9E2C91C424EC}.Debug|Win32.ActiveCfg = Debug|Win32
		{313C8571-3AE4-439C-93BE-9E2C91C424EC}.Debug|Win32.Build.0 = Debug|Win32
		{313C8571-3AE4-439C-93BE-9E2C91C424EC}.Release|Win32.ActiveCfg = Release|Win32
		{313C8571-3AE4-439C-93BE-9E2C91C424EC}.Release|Win32.Build.0 = Release|Win32
		{313C8571-3AE4-439C-93BE-9E2C91C424EC}.MinSizeRel|Win32.ActiveCfg = MinSizeRel|Win32
		{313C8571-3AE4-439C-93BE-9E2C91C424EC}.MinSizeRel|Win32.Build.0 = MinSizeRel|Win32
		{313C8571-3AE4-439C-93BE-9E2C91C424EC}.RelWithDebInfo|Win32.ActiveCfg = RelWithDebInfo|Win32
		{313C8571-3AE4-439C-93BE-9E2C91C424EC}.RelWithDebInfo|Win32.Build.0 = RelWithDebInfo|Win32
		{88CA124A-9DCE-46A8-BE19-364F8828723D}.Debug|Win32.ActiveCfg = Debug|Win32
		{88CA124A-9DCE-46A8-BE19-364F8828723D}.Debug|Win32.Build.0 = Debug|Win32
		{88CA124A-9DCE-46A8-BE19-364F8828723D}.Release|Win32.ActiveCfg = Release|Win32
		{88CA124A-9DCE-46A8-BE19-364F8828723D}.Release|Win32.Build.0 = Release|Win32
		{88CA124A-9DCE-46A8-BE19-364F8828723D}.MinSizeRel|Win32.ActiveCfg = MinSizeRel|Win32
		{88CA124A-9DCE-46A8-BE19-364F8828723D}.MinSizeRel|Win32.Build.0 = MinSizeRel|Win32
		{88CA124A-9DCE-46A8-BE19-364F8828723D}.RelWithDebInfo|Win32.ActiveCfg = RelWithDebInfo|Win32
		{88CA124A-9DCE-46A8-BE19-364F8828723D}.RelWithDebInfo|Win32.Build.0 = RelWithDebInfo|Win32
		{0AF21AB5-131A-4835-9854-A914D5FFBB80}.Debug|Win32.ActiveCfg = Debug|Win32
		{0AF21AB5-131A-4835-9854-A914D5FFBB80}.Debug|Win32.Build.0 = Debug|Win32
		{0AF21AB5-131A-4835-9854-A914D5FFBB80}.Release|Win32.ActiveCfg = Release|Win32
		{0AF21AB5-131A-4835-9854-A914D5FFBB80}.Release|Win32.Build.0 = Release|Win32
		{0AF21AB5-131A-4835-9854-A914D5FFBB80}.MinSizeRel|Win32.ActiveCfg = MinSizeRel|Win32
		{0AF21AB5-131A-4835-9854-A914D5FFBB80}.MinSizeRel|Win32.Build.0 = MinSizeRel|Win32
		{0AF21AB5-131A-4835-9854-A914D5FFBB80}.RelWithDebInfo|Win32.ActiveCfg = RelWithDebInfo|Win32
		{0AF21AB5-131A-4835-9854-A914D5FFBB80}.RelWithDebInfo|Win32.Build.0 = RelWithDebInfo|Win32
		{9865C2E5-2629-4AAE-80D8-160BFDB505F8}.Debug|Win32.ActiveCfg = Debug|Win32
		{9865C2E5-2629-4AAE-80D8-160BFDB505F8}.Debug|Win32.Build.0 = Debug|Win32
		{9865C2E5-2629-4AAE-80D8-160BFDB505F8}.Release|Win32.ActiveCfg = Release|Win32
		{9865C2E5-2629-4AAE-80D8-160BFDB505F8}.Release|Win32.Build.0 = Release|Win32
		{9865C2E5-2629-4AAE-80D8-160BFDB505F8}.MinSizeRel|Win32.ActiveCfg = MinSizeRel|Win32
		{9865C2E5-2629-4AAE-80D8-160BFDB505F8}.MinSizeRel|Win32.Build.0 = MinSizeRel|Win32
		{9865C2E5-2629-4AAE-80D8-160BFDB505F8}.RelWithDebInfo|Win32.ActiveCfg = RelWithDebInfo|Win32
		{9865C2E5-2629-4AAE-80D8-160BFDB505F8}.RelWithDebInfo|Win32.Build.0 = RelWithDebInfo|Win32
		{0699E36C-E621-41DB-A64A-96E525E97456}.Debug|Win32.ActiveCfg = Debug|Win32
		{0699E36C-E621-41DB-A64A-96E525E97456}.Debug|Win32.Build.0 = Debug|Win32
		{0699E36C-E621-41DB-A64A-96E525E97456}.Release|Win32.ActiveCfg = Release|Win32
		{0699E36C-E621-41DB-A64A-96E525E97456}.Release|Win32.Build.0 = Release|Win32
		{0699E36C-E621-41DB-A64A-96E525E97456}.MinSizeRel|Win32.ActiveCfg = MinSizeRel|Win32
		{0699E36C-E621-41DB-A64A-96E525E97456}.MinSizeRel|Win32.Build.0 = MinSizeRel|Win32
		{0699E36C-E621-41DB-A64A-96E525E97456}.RelWithDebInfo|Win32.ActiveCfg = RelWithDebInfo|Win32
		{0699E36C-E621-41DB-A64A-96E525E97456}.RelWithDebInfo|Win32.Build.0 = RelWithDebInfo|Win32
		{203B32BA-4FD4-48CD-85F7-0D93C1A8EAC3}.Debug|Win32.ActiveCfg = Debug|Win32
		{203B32BA-4FD4-48CD-85F7-0D93C1A8EAC3}.Debug|Win32.Build.0 = Debug|Win32
		{203B32BA-4FD4-48CD-85F7-0D93C1A8EAC3}.Release|Win32.ActiveCfg = Release|Win32
		{203B32BA-4FD4-48CD-85F7-0D93C1A8EAC3}.Release|Win32.Build.0 = Release|Win32
		{203B32BA-4FD4-48CD-85F7-0D93C1A8EAC3}.MinSizeRel|Win32.ActiveCfg = MinSizeRel|Win32
		{203B32BA-4FD4-48CD-85F7-0D93C1A8EAC3}.MinSizeRel|Win32.Build.0 = MinSizeRel|Win32
		{203B32BA-4FD4-48CD-85F7-0D93C1A8EAC3}.RelWithDebInfo|Win32.ActiveCfg = RelWithDebInfo|Win32
		{203B32BA-4FD4-48CD-85F7-0D93C1A8EAC3}.RelWithDebInfo|Win32.Build.0 = RelWithDebInfo|Win32
		{BD9475F1-F4C8-40FC-AC20-644BADFB9DE8}.Debug|Win32.ActiveCfg = Debug|Win32
		{BD9475F1-F4C8-40FC-AC20-644BADFB9DE8}.Debug|Win32.Build.0 = Debug|Win32
		{BD9475F1-F4C8-40FC-AC20-644BADFB9DE8}.Release|Win32.ActiveCfg = Release|Win32
		{BD9475F1-F4C8-40FC-AC20-644BADFB9DE8}.Release|Win32.Build.0 = Release|Win32
		{BD9475F1-F4C8-40FC-AC20-644BADFB9DE8}.MinSizeRel|Win32.ActiveCfg = MinSizeRel|Win32
		{BD9475F1-F4C8-40FC-AC20-644BADFB9DE8}.MinSizeRel|Win32.Build.0 = MinSizeRel|Win32
		{BD9475F1-F4C8-40FC-AC20-644BADFB9DE8}.RelWithDebInfo|Win32.ActiveCfg = RelWithDebInfo|Win32
		{BD9475F1-F4C8-40FC-AC20-644BADFB9DE8}.RelWithDebInfo|Win32.Build.0 = RelWithDebInfo|Win32
		{72EFCD4E-82FD-42D5-8E0C-21F9E7F403A5}.Debug|Win32.ActiveCfg = Debug|Win32
		{72EFCD4E-82FD-42D5-8E0C-21F9E7F403A5}.Debug|Win32.Build.0 = Debug|Win32
		{72EFCD4E-82FD-42D5-8E0C-21F9E7F403A5}.Release|Win32.ActiveCfg = Release|Win32
		{72EFCD4E-82FD-42D5-8E0C-21F9E7F403A5}.Release|Win32.Build.0 = Release|Win32
		{72EFCD4E-82FD-42D5-8E0C-21F9E7F403A5}.MinSizeRel|Win32.ActiveCfg = MinSizeRel|Win32
		{72EFCD4E-82FD-42D5-8E0C-21F9E7F403A5}.MinSizeRel|Win32.Build.0 = MinSizeRel|Win32
		{72EFCD4E-82FD-42D5-8E0C-21F9E7F403A5}.RelWithDebInfo|Win32.ActiveCfg = RelWithDebInfo|Win32
		{72EFCD4E-82FD-42D5-8E0C-21F9E7F403A5}.RelWithDebInfo|Win32.Build.0 = RelWithDebInfo|Win32
		{27CC75A4-646E-4170-9CD6-24C2D4E33BB1}.Debug|Win32.ActiveCfg = Debug|Win32
		{27CC75A4-646E-4170-9CD6-24C2D4E33BB1}.Debug|Win32.Build.0 = Debug|Win32
		{27CC75A4-646E-4170-9CD6-24C2D4E33BB1}.Release|Win32.ActiveCfg = Release|Win32
		{27CC75A4-646E-4170-9CD6-24C2D4E33BB1}.Release|Win32.Build.0 = Release|Win32
		{27CC75A4-646E-4170-9CD6-24C2D4E33BB1}.MinSizeRel|Win32.ActiveCfg = MinSizeRel|Win32
		{27CC75A4-646E-4170-9CD6-24C2D4E33BB1}.MinSizeRel|Win32.Build.0 = MinSizeRel|Win32
		{27CC75A4-646E-4170-9CD6-24C2D4E33BB1}.RelWithDebInfo|Win32.ActiveCfg = RelWithDebInfo|Win32
		{27CC75A4-646E-4170-9CD6-24C2D4E33BB1}.RelWithDebInfo|Win32.Build.0 = RelWithDebInfo|Win32
		{D00DB095-F9A5-49E8-9222-982798069B5A}.Debug|Win32.ActiveCfg = Debug|Win32
		{D00DB095-F9A5-49E8-9222-982798069B5A}.Debug|Win32.Build.0 = Debug|Win32
		{D00DB095-F9A5-49E8-9222-982798069B5A}.Release|Win32.ActiveCfg = Release|Win32
		{D00DB095-F9A5-49E8-9222-982798069B5A}.Release|Win32.Build.0 = Release|Win32
		{D00DB095-F9A5-49E8-9222-982798069B5A}.MinSizeRel|Win32.ActiveCfg = MinSizeRel|Win32
		{D00DB095-F9A5-49E8-9222-982798069B5A}.MinSizeRel|Win32.Build.0 = MinSizeRel|Win32
		{D00DB095-F9A5-49E8-9222-982798069B5A}.RelWithDebInfo|Win32.ActiveCfg = RelWithDebInfo|Win32
		{D00DB095-F9A5-49E8-9222-982798069B5A}.RelWithDebInfo|Win32.Build.0 = RelWithDebInfo|Win32
		{CF19FBC9-4FAF-4C1F-8FB7-E4DB798299F7}.Debug|Win32.ActiveCfg = Debug|Win32
		{CF19FBC9-4FAF-4C1F-8FB7-E4DB798299F7}.Debug|Win32.Build.0 = Debug|Win32
		{CF19FBC9-4FAF-4C1F-8FB7-E4DB798299F7}.Release|Win32.ActiveCfg = Release|Win32
		{CF19FBC9-4FAF-4C1F-8FB7-E4DB798299F7}.Release|Win32.Build.0 = Release|Win32
		{CF19FBC9-4FAF-4C1F-8FB7-E4DB798299F7}.MinSizeRel|Win32.ActiveCfg = MinSizeRel|Win32
		{CF19FBC9-4FAF-4C1F-8FB7-E4DB798299F7}.MinSizeRel|Win32.Build.0 = MinSizeRel|Win32
		{CF19FBC9-4FAF-4C1F-8FB7-E4DB798299F7}.RelWithDebInfo|Win32.ActiveCfg = RelWithDebInfo|Win32
		{CF19FBC9-4FAF-4C1F-8FB7-E4DB798299F7}.RelWithDebInfo|Win32.Build.0 = RelWithDebInfo|Win32
		{D9F6B06A-3329-4759-A012-A7702796903C}.Debug|Win32.ActiveCfg = Debug|Win32
		{D9F6B06A-3329-4759-A012-A7702796903C}.Debug|Win32.Build.0 = Debug|Win32
		{D9F6B06A-3329-4759-A012-A7702796903C}.Release|Win32.ActiveCfg = Release|Win32
		{D9F6B06A-3329-4759-A012-A7702796903C}.Release|Win32.Build.0 = Release|Win32
		{D9F6B06A-3329-4759-A012-A7702796903C}.MinSizeRel|Win32.ActiveCfg = MinSizeRel|Win32
		{D9F6B06A-3329-4759-A012-A7702796903C}.MinSizeRel|Win32.Build.0 = MinSizeRel|Win32
		{D9F6B06A-3329-4759-A012-A7702796903C}.RelWithDebInfo|Win32.ActiveCfg = RelWithDebInfo|Win32
		{D9F6B06A-3329-4759-A012-A7702796903C}.RelWithDebInfo|Win32.Build.0 = RelWithDebInfo|Win32
		{9920EA4E-E698-418D-A182-BDC75F1EE822}.Debug|Win32.ActiveCfg = Debug|Win32
		{9920EA4E-E698-418D-A182-BDC75F1EE822}.Debug|Win32.Build.0 = Debug|Win32
		{9920EA4E-E698-418D-A182-BDC75F1EE822}.Release|Win32.ActiveCfg = Release|Win32
		{9920EA4E-E698-418D-A182-BDC75F1EE822}.Release|Win32.Build.0 = Release|Win32
		{9920EA4E-E698-418D-A182-BDC75F1EE822}.MinSizeRel|Win32.ActiveCfg = MinSizeRel|Win32
		{9920EA4E-E698-418D-A182-BDC75F1EE822}.MinSizeRel|Win32.Build.0 = MinSizeRel|Win32
		{9920EA4E-E698-418D-A182-BDC75F1EE822}.RelWithDebInfo|Win32.ActiveCfg = RelWithDebInfo|Win32
		{9920EA4E-E698-418D-A182-BDC75F1EE822}.RelWithDebInfo|Win32.Build.0 = RelWithDebInfo|Win32
		{43F2F745-9236-4445-9A1F-403F835C58BF}.Debug|Win32.ActiveCfg = Debug|Win32
		{43F2F745-9236-4445-9A1F-403F835C58BF}.Debug|Win32.Build.0 = Debug|Win32
		{43F2F745-9236-4445-9A1F-403F835C58BF}.Release|Win32.ActiveCfg = Release|Win32
		{43F2F745-9236-4445-9A1F-403F835C58BF}.Release|Win32.Build.0 = Release|Win32
		{43F2F745-9236-4445-9A1F-403F835C58BF}.MinSizeRel|Win32.ActiveCfg = MinSizeRel|Win32
		{43F2F745-9236-4445-9A1F-403F835C58BF}.MinSizeRel|Win32.Build.0 = MinSizeRel|Win32
		{43F2F745-9236-4445-9A1F-403F835C58BF}.RelWithDebInfo|Win32.ActiveCfg = RelWithDebInfo|Win32
		{43F2F745-9236-4445-9A1F-403F835C58BF}.RelWithDebInfo|Win32.Build.0 = RelWithDebInfo|Win32
		{0EF772EC-7BB4-4449-BB60-377F8C477C66}.Debug|Win32.ActiveCfg = Debug|Win32
		{0EF772EC-7BB4-4449-BB60-377F8C477C66}.Debug|Win32.Build.0 = Debug|Win32
		{0EF772EC-7BB4-4449-BB60-377F8C477C66}.Release|Win32.ActiveCfg = Release|Win32
		{0EF772EC-7BB4-4449-BB60-377F8C477C66}.Release|Win32.Build.0 = Release|Win32
		{0EF772EC-7BB4-4449-BB60-377F8C477C66}.MinSizeRel|Win32.ActiveCfg = MinSizeRel|Win32
		{0EF772EC-7BB4-4449-BB60-377F8C477C66}.MinSizeRel|Win32.Build.0 = MinSizeRel|Win32
		{0EF772EC-7BB4-4449-BB60-377F8C477C66}.RelWithDebInfo|Win32.ActiveCfg = RelWithDebInfo|Win32
		{0EF772EC-7BB4-4449-BB60-377F8C477C66}.RelWithDebInfo|Win32.Build.0 = RelWithDebInfo|Win32
	EndGlobalSection
	GlobalSection(ExtensibilityGlobals) = postSolution
	EndGlobalSection
	GlobalSection(ExtensibilityAddIns) = postSolution
	EndGlobalSection
EndGlobal
