<?xml version="1.0" encoding="utf-8"?>
<Project ToolsVersion="4.0" xmlns="http://schemas.microsoft.com/developer/msbuild/2003">
  <ItemGroup>
    <ClCompile Include="..\..\..\..\lib\Analysis\IPA\CallGraph.cpp">
      <Filter>Source Files</Filter>
    </ClCompile>
    <ClCompile Include="..\..\..\..\lib\Analysis\IPA\CallGraphSCCPass.cpp">
      <Filter>Source Files</Filter>
    </ClCompile>
    <ClCompile Include="..\..\..\..\lib\Analysis\IPA\FindUsedTypes.cpp">
      <Filter>Source Files</Filter>
    </ClCompile>
    <ClCompile Include="..\..\..\..\lib\Analysis\IPA\GlobalsModRef.cpp">
      <Filter>Source Files</Filter>
    </ClCompile>
  </ItemGroup>
  <ItemGroup>
  </ItemGroup>
  <ItemGroup>
  </ItemGroup>
  <ItemGroup>
    <CustomBuild Include="..\..\..\..\lib\Analysis\IPA\CMakeLists.txt" />
  </ItemGroup>
  <ItemGroup>
    <Filter Include="Source Files">
      <UniqueIdentifier>{36F6D7A9-8DCD-4F9C-BF95-90F27A94CCF5}</UniqueIdentifier>
    </Filter>
  </ItemGroup>
  <ItemGroup>
    <None Include="..\..\..\..\lib\Analysis\IPA\CallGraph.cpp">
      <Filter>Source Files</Filter>
    </None>
    <None Include="..\..\..\..\lib\Analysis\IPA\CallGraphSCCPass.cpp">
      <Filter>Source Files</Filter>
    </None>
    <None Include="..\..\..\..\lib\Analysis\IPA\FindUsedTypes.cpp">
      <Filter>Source Files</Filter>
    </None>
    <None Include="..\..\..\..\lib\Analysis\IPA\GlobalsModRef.cpp">
      <Filter>Source Files</Filter>
    </None>
  </ItemGroup>
</Project>
